PODS:
  - BugfenderSDK (1.13.2)
  - MQTTClient (0.15.3):
    - MQTTClient/Core (= 0.15.3)
  - MQTTClient/Core (0.15.3):
    - MQTTClient/Manager
    - MQTTClient/Min
  - MQTTClient/Manager (0.15.3):
    - MQTTClient/Min
  - MQTTClient/Min (0.15.3)

DEPENDENCIES:
  - BugfenderSDK
  - MQTTClient

SPEC REPOS:
  trunk:
    - BugfenderSDK
    - MQTTClient

SPEC CHECKSUMS:
  BugfenderSDK: 0eb1675df86a1792ec9ab8984369e85464f851cb
  MQTTClient: 0dfa04e789479c2e461786464969895c1fcb0875

PODFILE CHECKSUM: 59acaf5a34f458781448a3a514bae5f2244b7da0

COCOAPODS: 1.14.2
