// !$*UTF8*$!
{
	archiveVersion = 1;
	classes = {
	};
	objectVersion = 51;
	objects = {

/* Begin PBXBuildFile section */
		36188C1927F43C91008EC7CD /* WorkMode.swift in Sources */ = {isa = PBXBuildFile; fileRef = 36188C1827F43C90008EC7CD /* WorkMode.swift */; };
		36188C1B27F44A84008EC7CD /* WorkModeManager.swift in Sources */ = {isa = PBXBuildFile; fileRef = 36188C1A27F44A84008EC7CD /* WorkModeManager.swift */; };
		36188C1F27FE5722008EC7CD /* Inventory.xcdatamodeld in Sources */ = {isa = PBXBuildFile; fileRef = 36188C1D27FE5722008EC7CD /* Inventory.xcdatamodeld */; };
		36188C3A27FE5FE7008EC7CD /* DataManager.swift in Sources */ = {isa = PBXBuildFile; fileRef = 36188C3927FE5FE7008EC7CD /* DataManager.swift */; };
		36188C4127FE7013008EC7CD /* Reference+CoreDataClass.swift in Sources */ = {isa = PBXBuildFile; fileRef = 36188C3B27FE7012008EC7CD /* Reference+CoreDataClass.swift */; };
		36188C4227FE7013008EC7CD /* Location+CoreDataProperties.swift in Sources */ = {isa = PBXBuildFile; fileRef = 36188C3C27FE7012008EC7CD /* Location+CoreDataProperties.swift */; };
		36188C4327FE7013008EC7CD /* Reference+CoreDataProperties.swift in Sources */ = {isa = PBXBuildFile; fileRef = 36188C3D27FE7012008EC7CD /* Reference+CoreDataProperties.swift */; };
		36188C4427FE7013008EC7CD /* Location+CoreDataClass.swift in Sources */ = {isa = PBXBuildFile; fileRef = 36188C3E27FE7013008EC7CD /* Location+CoreDataClass.swift */; };
		36188C4527FE7013008EC7CD /* Employee+CoreDataClass.swift in Sources */ = {isa = PBXBuildFile; fileRef = 36188C3F27FE7013008EC7CD /* Employee+CoreDataClass.swift */; };
		36188C4627FE7013008EC7CD /* Employee+CoreDataProperties.swift in Sources */ = {isa = PBXBuildFile; fileRef = 36188C4027FE7013008EC7CD /* Employee+CoreDataProperties.swift */; };
		36208FDB289855C400AE795B /* InventorySession+CoreDataClass.swift in Sources */ = {isa = PBXBuildFile; fileRef = 36208FD9289855C400AE795B /* InventorySession+CoreDataClass.swift */; };
		36208FDC289855C400AE795B /* InventorySession+CoreDataProperties.swift in Sources */ = {isa = PBXBuildFile; fileRef = 36208FDA289855C400AE795B /* InventorySession+CoreDataProperties.swift */; };
		362FB736289B9CFD006223FD /* EmployeeProfile+CoreDataClass.swift in Sources */ = {isa = PBXBuildFile; fileRef = 362FB734289B9CFD006223FD /* EmployeeProfile+CoreDataClass.swift */; };
		362FB737289B9CFD006223FD /* EmployeeProfile+CoreDataProperties.swift in Sources */ = {isa = PBXBuildFile; fileRef = 362FB735289B9CFD006223FD /* EmployeeProfile+CoreDataProperties.swift */; };
		36548C94281709CD0065D05B /* WMError.swift in Sources */ = {isa = PBXBuildFile; fileRef = 36548C93281709CD0065D05B /* WMError.swift */; };
		367CBFF82893BCAB002E68E1 /* Asset+CoreDataClass.swift in Sources */ = {isa = PBXBuildFile; fileRef = 367CBFF62893BCAB002E68E1 /* Asset+CoreDataClass.swift */; };
		367CBFF92893BCAB002E68E1 /* Asset+CoreDataProperties.swift in Sources */ = {isa = PBXBuildFile; fileRef = 367CBFF72893BCAB002E68E1 /* Asset+CoreDataProperties.swift */; };
		36AA9E142806A66B00434A98 /* WMConstants.swift in Sources */ = {isa = PBXBuildFile; fileRef = 36AA9E132806A66B00434A98 /* WMConstants.swift */; };
		51912303D9BAD715244BA88E /* Pods_FractalInventory.framework in Frameworks */ = {isa = PBXBuildFile; fileRef = A6100A6A96CC0C8F133CC38C /* Pods_FractalInventory.framework */; };
		7601038526D335E8003C39BA /* LocationSubview.swift in Sources */ = {isa = PBXBuildFile; fileRef = 7601038426D335E8003C39BA /* LocationSubview.swift */; };
		7601038826D33BBC003C39BA /* LocationModel.swift in Sources */ = {isa = PBXBuildFile; fileRef = 7601038726D33BBC003C39BA /* LocationModel.swift */; };
		7601038B26D340AC003C39BA /* LocationsView.swift in Sources */ = {isa = PBXBuildFile; fileRef = 7601038A26D340AC003C39BA /* LocationsView.swift */; };
		76190AE92713DEFB00AD0EE0 /* InventorySessionSubview.swift in Sources */ = {isa = PBXBuildFile; fileRef = 76190AE82713DEFB00AD0EE0 /* InventorySessionSubview.swift */; };
		76190AEB2713EB2B00AD0EE0 /* InventorySessionItemSubview.swift in Sources */ = {isa = PBXBuildFile; fileRef = 76190AEA2713EB2B00AD0EE0 /* InventorySessionItemSubview.swift */; };
		76190AED2713EBC500AD0EE0 /* InventorySessionModel.swift in Sources */ = {isa = PBXBuildFile; fileRef = 76190AEC2713EBC500AD0EE0 /* InventorySessionModel.swift */; };
		76190AEF2713FE9C00AD0EE0 /* AssetListSubview.swift in Sources */ = {isa = PBXBuildFile; fileRef = 76190AEE2713FE9C00AD0EE0 /* AssetListSubview.swift */; };
		76190AF1271400D200AD0EE0 /* AssetListItemSubview.swift in Sources */ = {isa = PBXBuildFile; fileRef = 76190AF0271400D200AD0EE0 /* AssetListItemSubview.swift */; };
		76190AF32724F1FE00AD0EE0 /* TestingAppModel.swift in Sources */ = {isa = PBXBuildFile; fileRef = 76190AF22724F1FD00AD0EE0 /* TestingAppModel.swift */; };
		76190AF52725151900AD0EE0 /* UserModel.swift in Sources */ = {isa = PBXBuildFile; fileRef = 76190AF42725151900AD0EE0 /* UserModel.swift */; };
		764E264326DC02F400D7742B /* RemoteImage.swift in Sources */ = {isa = PBXBuildFile; fileRef = 764E264226DC02F400D7742B /* RemoteImage.swift */; };
		76546C7F26D7325400336C10 /* LocationsArray.swift in Sources */ = {isa = PBXBuildFile; fileRef = 76546C7E26D7325400336C10 /* LocationsArray.swift */; };
		76546C8226DB001F00336C10 /* ReferencesView.swift in Sources */ = {isa = PBXBuildFile; fileRef = 76546C8126DB001F00336C10 /* ReferencesView.swift */; };
		76546C8426DB006D00336C10 /* ReferenceModel.swift in Sources */ = {isa = PBXBuildFile; fileRef = 76546C8326DB006D00336C10 /* ReferenceModel.swift */; };
		76546C8626DB00AF00336C10 /* ReferencesArray.swift in Sources */ = {isa = PBXBuildFile; fileRef = 76546C8526DB00AF00336C10 /* ReferencesArray.swift */; };
		76546C8826DB060200336C10 /* ReferenceSubview.swift in Sources */ = {isa = PBXBuildFile; fileRef = 76546C8726DB060200336C10 /* ReferenceSubview.swift */; };
		76546C8B26DB3A4A00336C10 /* TaggingView.swift in Sources */ = {isa = PBXBuildFile; fileRef = 76546C8A26DB3A4A00336C10 /* TaggingView.swift */; };
		765581B726DC1FA600F6C973 /* EpcModel.swift in Sources */ = {isa = PBXBuildFile; fileRef = 765581B626DC1FA600F6C973 /* EpcModel.swift */; };
		765581B926DC202A00F6C973 /* EpcsArray.swift in Sources */ = {isa = PBXBuildFile; fileRef = 765581B826DC202A00F6C973 /* EpcsArray.swift */; };
		765581BF26DC715F00F6C973 /* CoreBluetooth.framework in Frameworks */ = {isa = PBXBuildFile; fileRef = 765581BE26DC715F00F6C973 /* CoreBluetooth.framework */; };
		7655820626DC808100F6C973 /* MQTTSSLSecurityPolicyTransport.m in Sources */ = {isa = PBXBuildFile; fileRef = 765581CC26DC808100F6C973 /* MQTTSSLSecurityPolicyTransport.m */; };
		7655820726DC808100F6C973 /* MQTTLog.m in Sources */ = {isa = PBXBuildFile; fileRef = 765581CE26DC808100F6C973 /* MQTTLog.m */; };
		7655820826DC808100F6C973 /* MQTTTransport.m in Sources */ = {isa = PBXBuildFile; fileRef = 765581CF26DC808100F6C973 /* MQTTTransport.m */; };
		7655820926DC808100F6C973 /* MQTTCFSocketEncoder.m in Sources */ = {isa = PBXBuildFile; fileRef = 765581D626DC808100F6C973 /* MQTTCFSocketEncoder.m */; };
		7655820A26DC808100F6C973 /* MQTTSessionManager.m in Sources */ = {isa = PBXBuildFile; fileRef = 765581D726DC808100F6C973 /* MQTTSessionManager.m */; };
		7655820B26DC808100F6C973 /* GCDTimer.m in Sources */ = {isa = PBXBuildFile; fileRef = 765581D826DC808100F6C973 /* GCDTimer.m */; };
		7655820C26DC808100F6C973 /* MQTTCFSocketTransport.m in Sources */ = {isa = PBXBuildFile; fileRef = 765581D926DC808100F6C973 /* MQTTCFSocketTransport.m */; };
		7655820D26DC808100F6C973 /* MQTTMessage.m in Sources */ = {isa = PBXBuildFile; fileRef = 765581DB26DC808100F6C973 /* MQTTMessage.m */; };
		7655820E26DC808100F6C973 /* MQTTDecoder.m in Sources */ = {isa = PBXBuildFile; fileRef = 765581DC26DC808100F6C973 /* MQTTDecoder.m */; };
		7655820F26DC808100F6C973 /* MQTTSSLSecurityPolicy.m in Sources */ = {isa = PBXBuildFile; fileRef = 765581DE26DC808100F6C973 /* MQTTSSLSecurityPolicy.m */; };
		7655821026DC808100F6C973 /* MQTTProperties.m in Sources */ = {isa = PBXBuildFile; fileRef = 765581DF26DC808100F6C973 /* MQTTProperties.m */; };
		7655821126DC808100F6C973 /* MQTTSSLSecurityPolicyDecoder.m in Sources */ = {isa = PBXBuildFile; fileRef = 765581E126DC808100F6C973 /* MQTTSSLSecurityPolicyDecoder.m */; };
		7655821226DC808100F6C973 /* MQTTSSLSecurityPolicyEncoder.m in Sources */ = {isa = PBXBuildFile; fileRef = 765581E226DC808100F6C973 /* MQTTSSLSecurityPolicyEncoder.m */; };
		7655821326DC808100F6C973 /* MQTTCoreDataPersistence.m in Sources */ = {isa = PBXBuildFile; fileRef = 765581E626DC808100F6C973 /* MQTTCoreDataPersistence.m */; };
		7655821426DC808100F6C973 /* ReconnectTimer.m in Sources */ = {isa = PBXBuildFile; fileRef = 765581E826DC808100F6C973 /* ReconnectTimer.m */; };
		7655821526DC808100F6C973 /* ForegroundReconnection.m in Sources */ = {isa = PBXBuildFile; fileRef = 765581EA26DC808100F6C973 /* ForegroundReconnection.m */; };
		7655821626DC808100F6C973 /* MQTTStrict.m in Sources */ = {isa = PBXBuildFile; fileRef = 765581EB26DC808100F6C973 /* MQTTStrict.m */; };
		7655821726DC808100F6C973 /* MQTTInMemoryPersistence.m in Sources */ = {isa = PBXBuildFile; fileRef = 765581EC26DC808100F6C973 /* MQTTInMemoryPersistence.m */; };
		7655821826DC808100F6C973 /* MQTTSession.m in Sources */ = {isa = PBXBuildFile; fileRef = 765581ED26DC808100F6C973 /* MQTTSession.m */; };
		7655821926DC808100F6C973 /* MQTTCFSocketDecoder.m in Sources */ = {isa = PBXBuildFile; fileRef = 765581EF26DC808100F6C973 /* MQTTCFSocketDecoder.m */; };
		7655821A26DC808100F6C973 /* MQTTSessionLegacy.m in Sources */ = {isa = PBXBuildFile; fileRef = 765581F326DC808100F6C973 /* MQTTSessionLegacy.m */; };
		7655821B26DC808100F6C973 /* MQTTSessionSynchron.m in Sources */ = {isa = PBXBuildFile; fileRef = 765581F726DC808100F6C973 /* MQTTSessionSynchron.m */; };
		7655821C26DC808100F6C973 /* CSLMQTTSettings.m in Sources */ = {isa = PBXBuildFile; fileRef = 765581F926DC808100F6C973 /* CSLMQTTSettings.m */; };
		7655821D26DC808100F6C973 /* CSLTemperatureTagSettings.m in Sources */ = {isa = PBXBuildFile; fileRef = 765581FC26DC808100F6C973 /* CSLTemperatureTagSettings.m */; };
		7655821E26DC808100F6C973 /* CSLReaderSettings.m in Sources */ = {isa = PBXBuildFile; fileRef = 765581FF26DC808100F6C973 /* CSLReaderSettings.m */; };
		7655821F26DC808100F6C973 /* CSLReaderFrequency.m in Sources */ = {isa = PBXBuildFile; fileRef = 7655820026DC808100F6C973 /* CSLReaderFrequency.m */; };
		7655822026DC808100F6C973 /* CSLReaderBattery.m in Sources */ = {isa = PBXBuildFile; fileRef = 7655820126DC808100F6C973 /* CSLReaderBattery.m */; };
		7655822126DC808100F6C973 /* CSLReaderBarcode.m in Sources */ = {isa = PBXBuildFile; fileRef = 7655820226DC808100F6C973 /* CSLReaderBarcode.m */; };
		7655822226DC808100F6C973 /* CSLRfidAppEngine.m in Sources */ = {isa = PBXBuildFile; fileRef = 7655820426DC808100F6C973 /* CSLRfidAppEngine.m */; };
		7655822326DC808100F6C973 /* CSLReaderInfo.m in Sources */ = {isa = PBXBuildFile; fileRef = 7655820526DC808100F6C973 /* CSLReaderInfo.m */; };
		7655823126DC80C600F6C973 /* CSLBleTag.m in Sources */ = {isa = PBXBuildFile; fileRef = 7655822526DC80C600F6C973 /* CSLBleTag.m */; };
		7655823226DC80C600F6C973 /* CSLCircularQueue.m in Sources */ = {isa = PBXBuildFile; fileRef = 7655822726DC80C600F6C973 /* CSLCircularQueue.m */; };
		7655823326DC80C600F6C973 /* CSLBleInterface.m in Sources */ = {isa = PBXBuildFile; fileRef = 7655822826DC80C600F6C973 /* CSLBleInterface.m */; };
		7655823426DC80C600F6C973 /* CSLBlePacket.m in Sources */ = {isa = PBXBuildFile; fileRef = 7655822926DC80C600F6C973 /* CSLBlePacket.m */; };
		7655823526DC80C600F6C973 /* CSLBleReader.m in Sources */ = {isa = PBXBuildFile; fileRef = 7655822E26DC80C600F6C973 /* CSLBleReader.m */; };
		7655823626DC80C600F6C973 /* CSLBleReader+AccessControl.m in Sources */ = {isa = PBXBuildFile; fileRef = 7655822F26DC80C600F6C973 /* CSLBleReader+AccessControl.m */; };
		7655824D26DC937400F6C973 /* FractalInventory-Bridging-Header.h in Sources */ = {isa = PBXBuildFile; fileRef = 7655824C26DC937400F6C973 /* FractalInventory-Bridging-Header.h */; };
		7655825226DE0D1100F6C973 /* IdentifyView.swift in Sources */ = {isa = PBXBuildFile; fileRef = 7655825126DE0D1100F6C973 /* IdentifyView.swift */; };
		7655825526DE127300F6C973 /* RawRfidView.swift in Sources */ = {isa = PBXBuildFile; fileRef = 7655825426DE127300F6C973 /* RawRfidView.swift */; };
		7655825726DF285100F6C973 /* CSL.swift in Sources */ = {isa = PBXBuildFile; fileRef = 7655825626DF285100F6C973 /* CSL.swift */; };
		7655825A26DF287900F6C973 /* SettingsView.swift in Sources */ = {isa = PBXBuildFile; fileRef = 7655825926DF287900F6C973 /* SettingsView.swift */; };
		7655825E26DF518B00F6C973 /* CSLViewModel.swift in Sources */ = {isa = PBXBuildFile; fileRef = 7655825D26DF518B00F6C973 /* CSLViewModel.swift */; };
		7655826226DF5EAB00F6C973 /* CSLGlobalVariables.swift in Sources */ = {isa = PBXBuildFile; fileRef = 7655826126DF5EAB00F6C973 /* CSLGlobalVariables.swift */; };
		7655826426DF894E00F6C973 /* CSLDelegates.swift in Sources */ = {isa = PBXBuildFile; fileRef = 7655826326DF894E00F6C973 /* CSLDelegates.swift */; };
		7663FE2127616592001C1578 /* CustomFields.swift in Sources */ = {isa = PBXBuildFile; fileRef = 7663FE2027616592001C1578 /* CustomFields.swift */; };
		7663FE2327617D1E001C1578 /* LoadImage.swift in Sources */ = {isa = PBXBuildFile; fileRef = 7663FE2227617D1E001C1578 /* LoadImage.swift */; };
		767C671527544F4B00A5AA3E /* IdentifyReadingSubview.swift in Sources */ = {isa = PBXBuildFile; fileRef = 767C671427544F4B00A5AA3E /* IdentifyReadingSubview.swift */; };
		767C671727545EB200A5AA3E /* ValidatedView.swift in Sources */ = {isa = PBXBuildFile; fileRef = 767C671627545EB200A5AA3E /* ValidatedView.swift */; };
		767C67192755EAC400A5AA3E /* ValidatedItemSubview.swift in Sources */ = {isa = PBXBuildFile; fileRef = 767C67182755EAC300A5AA3E /* ValidatedItemSubview.swift */; };
		767C671C2755FF7C00A5AA3E /* SearchView.swift in Sources */ = {isa = PBXBuildFile; fileRef = 767C671B2755FF7C00A5AA3E /* SearchView.swift */; };
		767C671E2756F4E100A5AA3E /* AssetView.swift in Sources */ = {isa = PBXBuildFile; fileRef = 767C671D2756F4E000A5AA3E /* AssetView.swift */; };
		767F77B92761626400FD905B /* WebViewStateModel.swift in Sources */ = {isa = PBXBuildFile; fileRef = 767F77B82761626400FD905B /* WebViewStateModel.swift */; };
		767F77BB276163D400FD905B /* WKView.swift in Sources */ = {isa = PBXBuildFile; fileRef = 767F77BA276163D400FD905B /* WKView.swift */; };
		76838CFB26FFEE2B00B0EDF8 /* AssetSubview.swift in Sources */ = {isa = PBXBuildFile; fileRef = 76838CFA26FFEE2700B0EDF8 /* AssetSubview.swift */; };
		76838CFD26FFEE7300B0EDF8 /* AssetModel.swift in Sources */ = {isa = PBXBuildFile; fileRef = 76838CFC26FFEE7300B0EDF8 /* AssetModel.swift */; };
		76838D0126FFF60500B0EDF8 /* InventoryView.swift in Sources */ = {isa = PBXBuildFile; fileRef = 76838D0026FFF60500B0EDF8 /* InventoryView.swift */; };
		76AB757826E4383200862AD6 /* DashboardView.swift in Sources */ = {isa = PBXBuildFile; fileRef = 76AB757726E4383200862AD6 /* DashboardView.swift */; };
		76AB757C26E443F600862AD6 /* CSLValues.swift in Sources */ = {isa = PBXBuildFile; fileRef = 76AB757B26E443F600862AD6 /* CSLValues.swift */; };
		76AB758026E47A9200862AD6 /* ReadingSubview.swift in Sources */ = {isa = PBXBuildFile; fileRef = 76AB757F26E47A9200862AD6 /* ReadingSubview.swift */; };
		76B3995F2725F0CB000A363A /* ConnectionsSubview.swift in Sources */ = {isa = PBXBuildFile; fileRef = 76B3995E2725F0CB000A363A /* ConnectionsSubview.swift */; };
		76B39962272635A4000A363A /* ImagePicker.swift in Sources */ = {isa = PBXBuildFile; fileRef = 76B39961272635A4000A363A /* ImagePicker.swift */; };
		76B39964272637F4000A363A /* AssetPhoto.swift in Sources */ = {isa = PBXBuildFile; fileRef = 76B39963272637F4000A363A /* AssetPhoto.swift */; };
		76B3996627267F05000A363A /* FileModel.swift in Sources */ = {isa = PBXBuildFile; fileRef = 76B3996527267F05000A363A /* FileModel.swift */; };
		76BAC80E272524EC008DF3FA /* HomeView.swift in Sources */ = {isa = PBXBuildFile; fileRef = 76BAC80D272524EC008DF3FA /* HomeView.swift */; };
		76D1EAEC27620EF100EE85B8 /* Loading.swift in Sources */ = {isa = PBXBuildFile; fileRef = 76D1EAEB27620EF100EE85B8 /* Loading.swift */; };
		76D1EAEE276D5F3900EE85B8 /* EmployeeModel.swift in Sources */ = {isa = PBXBuildFile; fileRef = 76D1EAED276D5F3800EE85B8 /* EmployeeModel.swift */; };
		76D1EAF12771586200EE85B8 /* EmployeeView.swift in Sources */ = {isa = PBXBuildFile; fileRef = 76D1EAF02771586100EE85B8 /* EmployeeView.swift */; };
		76D1EAF327715A5C00EE85B8 /* EmployeeSubview.swift in Sources */ = {isa = PBXBuildFile; fileRef = 76D1EAF227715A5C00EE85B8 /* EmployeeSubview.swift */; };
		76D7CD8227748FE200D3C89D /* NewEmployee.swift in Sources */ = {isa = PBXBuildFile; fileRef = 76D7CD8127748FE200D3C89D /* NewEmployee.swift */; };
		76F5AB1C26CA2242001B8B89 /* FractalInventoryApp.swift in Sources */ = {isa = PBXBuildFile; fileRef = 76F5AB1B26CA2242001B8B89 /* FractalInventoryApp.swift */; };
		76F5AB1E26CA2242001B8B89 /* ContentView.swift in Sources */ = {isa = PBXBuildFile; fileRef = 76F5AB1D26CA2242001B8B89 /* ContentView.swift */; };
		76F5AB2026CA2245001B8B89 /* Assets.xcassets in Resources */ = {isa = PBXBuildFile; fileRef = 76F5AB1F26CA2245001B8B89 /* Assets.xcassets */; };
		76F5AB2326CA2245001B8B89 /* Preview Assets.xcassets in Resources */ = {isa = PBXBuildFile; fileRef = 76F5AB2226CA2245001B8B89 /* Preview Assets.xcassets */; };
		76F5AB2B26CB2C79001B8B89 /* LogInView.swift in Sources */ = {isa = PBXBuildFile; fileRef = 76F5AB2A26CB2C79001B8B89 /* LogInView.swift */; };
/* End PBXBuildFile section */

/* Begin PBXFileReference section */
		36188C1827F43C90008EC7CD /* WorkMode.swift */ = {isa = PBXFileReference; lastKnownFileType = sourcecode.swift; path = WorkMode.swift; sourceTree = "<group>"; };
		36188C1A27F44A84008EC7CD /* WorkModeManager.swift */ = {isa = PBXFileReference; lastKnownFileType = sourcecode.swift; path = WorkModeManager.swift; sourceTree = "<group>"; };
		36188C1E27FE5722008EC7CD /* Inventory.xcdatamodel */ = {isa = PBXFileReference; lastKnownFileType = wrapper.xcdatamodel; path = Inventory.xcdatamodel; sourceTree = "<group>"; };
		36188C3927FE5FE7008EC7CD /* DataManager.swift */ = {isa = PBXFileReference; lastKnownFileType = sourcecode.swift; path = DataManager.swift; sourceTree = "<group>"; };
		36188C3B27FE7012008EC7CD /* Reference+CoreDataClass.swift */ = {isa = PBXFileReference; fileEncoding = 4; lastKnownFileType = sourcecode.swift; path = "Reference+CoreDataClass.swift"; sourceTree = "<group>"; };
		36188C3C27FE7012008EC7CD /* Location+CoreDataProperties.swift */ = {isa = PBXFileReference; fileEncoding = 4; lastKnownFileType = sourcecode.swift; path = "Location+CoreDataProperties.swift"; sourceTree = "<group>"; };
		36188C3D27FE7012008EC7CD /* Reference+CoreDataProperties.swift */ = {isa = PBXFileReference; fileEncoding = 4; lastKnownFileType = sourcecode.swift; path = "Reference+CoreDataProperties.swift"; sourceTree = "<group>"; };
		36188C3E27FE7013008EC7CD /* Location+CoreDataClass.swift */ = {isa = PBXFileReference; fileEncoding = 4; lastKnownFileType = sourcecode.swift; path = "Location+CoreDataClass.swift"; sourceTree = "<group>"; };
		36188C3F27FE7013008EC7CD /* Employee+CoreDataClass.swift */ = {isa = PBXFileReference; fileEncoding = 4; lastKnownFileType = sourcecode.swift; path = "Employee+CoreDataClass.swift"; sourceTree = "<group>"; };
		36188C4027FE7013008EC7CD /* Employee+CoreDataProperties.swift */ = {isa = PBXFileReference; fileEncoding = 4; lastKnownFileType = sourcecode.swift; path = "Employee+CoreDataProperties.swift"; sourceTree = "<group>"; };
		36208FD9289855C400AE795B /* InventorySession+CoreDataClass.swift */ = {isa = PBXFileReference; lastKnownFileType = sourcecode.swift; path = "InventorySession+CoreDataClass.swift"; sourceTree = SOURCE_ROOT; };
		36208FDA289855C400AE795B /* InventorySession+CoreDataProperties.swift */ = {isa = PBXFileReference; lastKnownFileType = sourcecode.swift; path = "InventorySession+CoreDataProperties.swift"; sourceTree = SOURCE_ROOT; };
		362FB734289B9CFD006223FD /* EmployeeProfile+CoreDataClass.swift */ = {isa = PBXFileReference; lastKnownFileType = sourcecode.swift; path = "EmployeeProfile+CoreDataClass.swift"; sourceTree = SOURCE_ROOT; };
		362FB735289B9CFD006223FD /* EmployeeProfile+CoreDataProperties.swift */ = {isa = PBXFileReference; lastKnownFileType = sourcecode.swift; path = "EmployeeProfile+CoreDataProperties.swift"; sourceTree = SOURCE_ROOT; };
		36548C93281709CD0065D05B /* WMError.swift */ = {isa = PBXFileReference; lastKnownFileType = sourcecode.swift; path = WMError.swift; sourceTree = "<group>"; };
		367CBFF62893BCAB002E68E1 /* Asset+CoreDataClass.swift */ = {isa = PBXFileReference; lastKnownFileType = sourcecode.swift; path = "Asset+CoreDataClass.swift"; sourceTree = SOURCE_ROOT; };
		367CBFF72893BCAB002E68E1 /* Asset+CoreDataProperties.swift */ = {isa = PBXFileReference; lastKnownFileType = sourcecode.swift; path = "Asset+CoreDataProperties.swift"; sourceTree = SOURCE_ROOT; };
		36AA9E132806A66B00434A98 /* WMConstants.swift */ = {isa = PBXFileReference; lastKnownFileType = sourcecode.swift; path = WMConstants.swift; sourceTree = "<group>"; };
		4E471B217947CF0F7CF94590 /* Pods-FractalInventory.debug.xcconfig */ = {isa = PBXFileReference; includeInIndex = 1; lastKnownFileType = text.xcconfig; name = "Pods-FractalInventory.debug.xcconfig"; path = "Target Support Files/Pods-FractalInventory/Pods-FractalInventory.debug.xcconfig"; sourceTree = "<group>"; };
		6A581ACFB2E21DBDE129DD82 /* Pods-FractalInventory.release.xcconfig */ = {isa = PBXFileReference; includeInIndex = 1; lastKnownFileType = text.xcconfig; name = "Pods-FractalInventory.release.xcconfig"; path = "Target Support Files/Pods-FractalInventory/Pods-FractalInventory.release.xcconfig"; sourceTree = "<group>"; };
		7601038426D335E8003C39BA /* LocationSubview.swift */ = {isa = PBXFileReference; lastKnownFileType = sourcecode.swift; path = LocationSubview.swift; sourceTree = "<group>"; };
		7601038726D33BBC003C39BA /* LocationModel.swift */ = {isa = PBXFileReference; lastKnownFileType = sourcecode.swift; path = LocationModel.swift; sourceTree = "<group>"; };
		7601038A26D340AC003C39BA /* LocationsView.swift */ = {isa = PBXFileReference; lastKnownFileType = sourcecode.swift; path = LocationsView.swift; sourceTree = "<group>"; };
		76190AE82713DEFB00AD0EE0 /* InventorySessionSubview.swift */ = {isa = PBXFileReference; lastKnownFileType = sourcecode.swift; path = InventorySessionSubview.swift; sourceTree = "<group>"; };
		76190AEA2713EB2B00AD0EE0 /* InventorySessionItemSubview.swift */ = {isa = PBXFileReference; lastKnownFileType = sourcecode.swift; path = InventorySessionItemSubview.swift; sourceTree = "<group>"; };
		76190AEC2713EBC500AD0EE0 /* InventorySessionModel.swift */ = {isa = PBXFileReference; lastKnownFileType = sourcecode.swift; path = InventorySessionModel.swift; sourceTree = "<group>"; };
		76190AEE2713FE9C00AD0EE0 /* AssetListSubview.swift */ = {isa = PBXFileReference; lastKnownFileType = sourcecode.swift; path = AssetListSubview.swift; sourceTree = "<group>"; };
		76190AF0271400D200AD0EE0 /* AssetListItemSubview.swift */ = {isa = PBXFileReference; lastKnownFileType = sourcecode.swift; path = AssetListItemSubview.swift; sourceTree = "<group>"; };
		76190AF22724F1FD00AD0EE0 /* TestingAppModel.swift */ = {isa = PBXFileReference; lastKnownFileType = sourcecode.swift; path = TestingAppModel.swift; sourceTree = "<group>"; };
		76190AF42725151900AD0EE0 /* UserModel.swift */ = {isa = PBXFileReference; lastKnownFileType = sourcecode.swift; path = UserModel.swift; sourceTree = "<group>"; };
		764E264226DC02F400D7742B /* RemoteImage.swift */ = {isa = PBXFileReference; lastKnownFileType = sourcecode.swift; path = RemoteImage.swift; sourceTree = "<group>"; };
		76546C7E26D7325400336C10 /* LocationsArray.swift */ = {isa = PBXFileReference; lastKnownFileType = sourcecode.swift; path = LocationsArray.swift; sourceTree = "<group>"; };
		76546C8126DB001F00336C10 /* ReferencesView.swift */ = {isa = PBXFileReference; lastKnownFileType = sourcecode.swift; path = ReferencesView.swift; sourceTree = "<group>"; };
		76546C8326DB006D00336C10 /* ReferenceModel.swift */ = {isa = PBXFileReference; lastKnownFileType = sourcecode.swift; path = ReferenceModel.swift; sourceTree = "<group>"; };
		76546C8526DB00AF00336C10 /* ReferencesArray.swift */ = {isa = PBXFileReference; lastKnownFileType = sourcecode.swift; path = ReferencesArray.swift; sourceTree = "<group>"; };
		76546C8726DB060200336C10 /* ReferenceSubview.swift */ = {isa = PBXFileReference; lastKnownFileType = sourcecode.swift; path = ReferenceSubview.swift; sourceTree = "<group>"; };
		76546C8A26DB3A4A00336C10 /* TaggingView.swift */ = {isa = PBXFileReference; lastKnownFileType = sourcecode.swift; path = TaggingView.swift; sourceTree = "<group>"; };
		765581B626DC1FA600F6C973 /* EpcModel.swift */ = {isa = PBXFileReference; lastKnownFileType = sourcecode.swift; path = EpcModel.swift; sourceTree = "<group>"; };
		765581B826DC202A00F6C973 /* EpcsArray.swift */ = {isa = PBXFileReference; lastKnownFileType = sourcecode.swift; path = EpcsArray.swift; sourceTree = "<group>"; };
		765581BE26DC715F00F6C973 /* CoreBluetooth.framework */ = {isa = PBXFileReference; lastKnownFileType = wrapper.framework; name = CoreBluetooth.framework; path = System/Library/Frameworks/CoreBluetooth.framework; sourceTree = SDKROOT; };
		765581C726DC808100F6C973 /* CSLReaderFrequency.h */ = {isa = PBXFileReference; fileEncoding = 4; lastKnownFileType = sourcecode.c.h; path = CSLReaderFrequency.h; sourceTree = "<group>"; };
		765581C826DC808100F6C973 /* CSLReaderBattery.h */ = {isa = PBXFileReference; fileEncoding = 4; lastKnownFileType = sourcecode.c.h; path = CSLReaderBattery.h; sourceTree = "<group>"; };
		765581C926DC808100F6C973 /* CSLReaderSettings.h */ = {isa = PBXFileReference; fileEncoding = 4; lastKnownFileType = sourcecode.c.h; path = CSLReaderSettings.h; sourceTree = "<group>"; };
		765581CB26DC808100F6C973 /* ReconnectTimer.h */ = {isa = PBXFileReference; fileEncoding = 4; lastKnownFileType = sourcecode.c.h; path = ReconnectTimer.h; sourceTree = "<group>"; };
		765581CC26DC808100F6C973 /* MQTTSSLSecurityPolicyTransport.m */ = {isa = PBXFileReference; fileEncoding = 4; lastKnownFileType = sourcecode.c.objc; path = MQTTSSLSecurityPolicyTransport.m; sourceTree = "<group>"; };
		765581CD26DC808100F6C973 /* MQTTCoreDataPersistence.h */ = {isa = PBXFileReference; fileEncoding = 4; lastKnownFileType = sourcecode.c.h; path = MQTTCoreDataPersistence.h; sourceTree = "<group>"; };
		765581CE26DC808100F6C973 /* MQTTLog.m */ = {isa = PBXFileReference; fileEncoding = 4; lastKnownFileType = sourcecode.c.objc; path = MQTTLog.m; sourceTree = "<group>"; };
		765581CF26DC808100F6C973 /* MQTTTransport.m */ = {isa = PBXFileReference; fileEncoding = 4; lastKnownFileType = sourcecode.c.objc; path = MQTTTransport.m; sourceTree = "<group>"; };
		765581D026DC808100F6C973 /* MQTTSSLSecurityPolicyEncoder.h */ = {isa = PBXFileReference; fileEncoding = 4; lastKnownFileType = sourcecode.c.h; path = MQTTSSLSecurityPolicyEncoder.h; sourceTree = "<group>"; };
		765581D126DC808100F6C973 /* MQTTSession.h */ = {isa = PBXFileReference; fileEncoding = 4; lastKnownFileType = sourcecode.c.h; path = MQTTSession.h; sourceTree = "<group>"; };
		765581D226DC808100F6C973 /* MQTTInMemoryPersistence.h */ = {isa = PBXFileReference; fileEncoding = 4; lastKnownFileType = sourcecode.c.h; path = MQTTInMemoryPersistence.h; sourceTree = "<group>"; };
		765581D326DC808100F6C973 /* ForegroundReconnection.h */ = {isa = PBXFileReference; fileEncoding = 4; lastKnownFileType = sourcecode.c.h; path = ForegroundReconnection.h; sourceTree = "<group>"; };
		765581D426DC808100F6C973 /* MQTTStrict.h */ = {isa = PBXFileReference; fileEncoding = 4; lastKnownFileType = sourcecode.c.h; path = MQTTStrict.h; sourceTree = "<group>"; };
		765581D526DC808100F6C973 /* MQTTPersistence.h */ = {isa = PBXFileReference; fileEncoding = 4; lastKnownFileType = sourcecode.c.h; path = MQTTPersistence.h; sourceTree = "<group>"; };
		765581D626DC808100F6C973 /* MQTTCFSocketEncoder.m */ = {isa = PBXFileReference; fileEncoding = 4; lastKnownFileType = sourcecode.c.objc; path = MQTTCFSocketEncoder.m; sourceTree = "<group>"; };
		765581D726DC808100F6C973 /* MQTTSessionManager.m */ = {isa = PBXFileReference; fileEncoding = 4; lastKnownFileType = sourcecode.c.objc; path = MQTTSessionManager.m; sourceTree = "<group>"; };
		765581D826DC808100F6C973 /* GCDTimer.m */ = {isa = PBXFileReference; fileEncoding = 4; lastKnownFileType = sourcecode.c.objc; path = GCDTimer.m; sourceTree = "<group>"; };
		765581D926DC808100F6C973 /* MQTTCFSocketTransport.m */ = {isa = PBXFileReference; fileEncoding = 4; lastKnownFileType = sourcecode.c.objc; path = MQTTCFSocketTransport.m; sourceTree = "<group>"; };
		765581DA26DC808100F6C973 /* MQTTCFSocketDecoder.h */ = {isa = PBXFileReference; fileEncoding = 4; lastKnownFileType = sourcecode.c.h; path = MQTTCFSocketDecoder.h; sourceTree = "<group>"; };
		765581DB26DC808100F6C973 /* MQTTMessage.m */ = {isa = PBXFileReference; fileEncoding = 4; lastKnownFileType = sourcecode.c.objc; path = MQTTMessage.m; sourceTree = "<group>"; };
		765581DC26DC808100F6C973 /* MQTTDecoder.m */ = {isa = PBXFileReference; fileEncoding = 4; lastKnownFileType = sourcecode.c.objc; path = MQTTDecoder.m; sourceTree = "<group>"; };
		765581DD26DC808100F6C973 /* MQTTSessionSynchron.h */ = {isa = PBXFileReference; fileEncoding = 4; lastKnownFileType = sourcecode.c.h; path = MQTTSessionSynchron.h; sourceTree = "<group>"; };
		765581DE26DC808100F6C973 /* MQTTSSLSecurityPolicy.m */ = {isa = PBXFileReference; fileEncoding = 4; lastKnownFileType = sourcecode.c.objc; path = MQTTSSLSecurityPolicy.m; sourceTree = "<group>"; };
		765581DF26DC808100F6C973 /* MQTTProperties.m */ = {isa = PBXFileReference; fileEncoding = 4; lastKnownFileType = sourcecode.c.objc; path = MQTTProperties.m; sourceTree = "<group>"; };
		765581E026DC808100F6C973 /* MQTTSessionLegacy.h */ = {isa = PBXFileReference; fileEncoding = 4; lastKnownFileType = sourcecode.c.h; path = MQTTSessionLegacy.h; sourceTree = "<group>"; };
		765581E126DC808100F6C973 /* MQTTSSLSecurityPolicyDecoder.m */ = {isa = PBXFileReference; fileEncoding = 4; lastKnownFileType = sourcecode.c.objc; path = MQTTSSLSecurityPolicyDecoder.m; sourceTree = "<group>"; };
		765581E226DC808100F6C973 /* MQTTSSLSecurityPolicyEncoder.m */ = {isa = PBXFileReference; fileEncoding = 4; lastKnownFileType = sourcecode.c.objc; path = MQTTSSLSecurityPolicyEncoder.m; sourceTree = "<group>"; };
		765581E326DC808100F6C973 /* MQTTTransport.h */ = {isa = PBXFileReference; fileEncoding = 4; lastKnownFileType = sourcecode.c.h; path = MQTTTransport.h; sourceTree = "<group>"; };
		765581E426DC808100F6C973 /* MQTTClient.h */ = {isa = PBXFileReference; fileEncoding = 4; lastKnownFileType = sourcecode.c.h; path = MQTTClient.h; sourceTree = "<group>"; };
		765581E526DC808100F6C973 /* MQTTLog.h */ = {isa = PBXFileReference; fileEncoding = 4; lastKnownFileType = sourcecode.c.h; path = MQTTLog.h; sourceTree = "<group>"; };
		765581E626DC808100F6C973 /* MQTTCoreDataPersistence.m */ = {isa = PBXFileReference; fileEncoding = 4; lastKnownFileType = sourcecode.c.objc; path = MQTTCoreDataPersistence.m; sourceTree = "<group>"; };
		765581E726DC808100F6C973 /* MQTTSSLSecurityPolicyTransport.h */ = {isa = PBXFileReference; fileEncoding = 4; lastKnownFileType = sourcecode.c.h; path = MQTTSSLSecurityPolicyTransport.h; sourceTree = "<group>"; };
		765581E826DC808100F6C973 /* ReconnectTimer.m */ = {isa = PBXFileReference; fileEncoding = 4; lastKnownFileType = sourcecode.c.objc; path = ReconnectTimer.m; sourceTree = "<group>"; };
		765581E926DC808100F6C973 /* MQTTCFSocketEncoder.h */ = {isa = PBXFileReference; fileEncoding = 4; lastKnownFileType = sourcecode.c.h; path = MQTTCFSocketEncoder.h; sourceTree = "<group>"; };
		765581EA26DC808100F6C973 /* ForegroundReconnection.m */ = {isa = PBXFileReference; fileEncoding = 4; lastKnownFileType = sourcecode.c.objc; path = ForegroundReconnection.m; sourceTree = "<group>"; };
		765581EB26DC808100F6C973 /* MQTTStrict.m */ = {isa = PBXFileReference; fileEncoding = 4; lastKnownFileType = sourcecode.c.objc; path = MQTTStrict.m; sourceTree = "<group>"; };
		765581EC26DC808100F6C973 /* MQTTInMemoryPersistence.m */ = {isa = PBXFileReference; fileEncoding = 4; lastKnownFileType = sourcecode.c.objc; path = MQTTInMemoryPersistence.m; sourceTree = "<group>"; };
		765581ED26DC808100F6C973 /* MQTTSession.m */ = {isa = PBXFileReference; fileEncoding = 4; lastKnownFileType = sourcecode.c.objc; path = MQTTSession.m; sourceTree = "<group>"; };
		765581EE26DC808100F6C973 /* MQTTMessage.h */ = {isa = PBXFileReference; fileEncoding = 4; lastKnownFileType = sourcecode.c.h; path = MQTTMessage.h; sourceTree = "<group>"; };
		765581EF26DC808100F6C973 /* MQTTCFSocketDecoder.m */ = {isa = PBXFileReference; fileEncoding = 4; lastKnownFileType = sourcecode.c.objc; path = MQTTCFSocketDecoder.m; sourceTree = "<group>"; };
		765581F026DC808100F6C973 /* MQTTCFSocketTransport.h */ = {isa = PBXFileReference; fileEncoding = 4; lastKnownFileType = sourcecode.c.h; path = MQTTCFSocketTransport.h; sourceTree = "<group>"; };
		765581F126DC808100F6C973 /* GCDTimer.h */ = {isa = PBXFileReference; fileEncoding = 4; lastKnownFileType = sourcecode.c.h; path = GCDTimer.h; sourceTree = "<group>"; };
		765581F226DC808100F6C973 /* MQTTSessionManager.h */ = {isa = PBXFileReference; fileEncoding = 4; lastKnownFileType = sourcecode.c.h; path = MQTTSessionManager.h; sourceTree = "<group>"; };
		765581F326DC808100F6C973 /* MQTTSessionLegacy.m */ = {isa = PBXFileReference; fileEncoding = 4; lastKnownFileType = sourcecode.c.objc; path = MQTTSessionLegacy.m; sourceTree = "<group>"; };
		765581F426DC808100F6C973 /* MQTTSSLSecurityPolicyDecoder.h */ = {isa = PBXFileReference; fileEncoding = 4; lastKnownFileType = sourcecode.c.h; path = MQTTSSLSecurityPolicyDecoder.h; sourceTree = "<group>"; };
		765581F526DC808100F6C973 /* MQTTProperties.h */ = {isa = PBXFileReference; fileEncoding = 4; lastKnownFileType = sourcecode.c.h; path = MQTTProperties.h; sourceTree = "<group>"; };
		765581F626DC808100F6C973 /* MQTTSSLSecurityPolicy.h */ = {isa = PBXFileReference; fileEncoding = 4; lastKnownFileType = sourcecode.c.h; path = MQTTSSLSecurityPolicy.h; sourceTree = "<group>"; };
		765581F726DC808100F6C973 /* MQTTSessionSynchron.m */ = {isa = PBXFileReference; fileEncoding = 4; lastKnownFileType = sourcecode.c.objc; path = MQTTSessionSynchron.m; sourceTree = "<group>"; };
		765581F826DC808100F6C973 /* MQTTDecoder.h */ = {isa = PBXFileReference; fileEncoding = 4; lastKnownFileType = sourcecode.c.h; path = MQTTDecoder.h; sourceTree = "<group>"; };
		765581F926DC808100F6C973 /* CSLMQTTSettings.m */ = {isa = PBXFileReference; fileEncoding = 4; lastKnownFileType = sourcecode.c.objc; path = CSLMQTTSettings.m; sourceTree = "<group>"; };
		765581FA26DC808100F6C973 /* CSLReaderInfo.h */ = {isa = PBXFileReference; fileEncoding = 4; lastKnownFileType = sourcecode.c.h; path = CSLReaderInfo.h; sourceTree = "<group>"; };
		765581FB26DC808100F6C973 /* CSLRfidAppEngine.h */ = {isa = PBXFileReference; fileEncoding = 4; lastKnownFileType = sourcecode.c.h; path = CSLRfidAppEngine.h; sourceTree = "<group>"; };
		765581FC26DC808100F6C973 /* CSLTemperatureTagSettings.m */ = {isa = PBXFileReference; fileEncoding = 4; lastKnownFileType = sourcecode.c.objc; path = CSLTemperatureTagSettings.m; sourceTree = "<group>"; };
		765581FD26DC808100F6C973 /* CSLReaderBarcode.h */ = {isa = PBXFileReference; fileEncoding = 4; lastKnownFileType = sourcecode.c.h; path = CSLReaderBarcode.h; sourceTree = "<group>"; };
		765581FE26DC808100F6C973 /* CSLMQTTSettings.h */ = {isa = PBXFileReference; fileEncoding = 4; lastKnownFileType = sourcecode.c.h; path = CSLMQTTSettings.h; sourceTree = "<group>"; };
		765581FF26DC808100F6C973 /* CSLReaderSettings.m */ = {isa = PBXFileReference; fileEncoding = 4; lastKnownFileType = sourcecode.c.objc; path = CSLReaderSettings.m; sourceTree = "<group>"; };
		7655820026DC808100F6C973 /* CSLReaderFrequency.m */ = {isa = PBXFileReference; fileEncoding = 4; lastKnownFileType = sourcecode.c.objc; path = CSLReaderFrequency.m; sourceTree = "<group>"; };
		7655820126DC808100F6C973 /* CSLReaderBattery.m */ = {isa = PBXFileReference; fileEncoding = 4; lastKnownFileType = sourcecode.c.objc; path = CSLReaderBattery.m; sourceTree = "<group>"; };
		7655820226DC808100F6C973 /* CSLReaderBarcode.m */ = {isa = PBXFileReference; fileEncoding = 4; lastKnownFileType = sourcecode.c.objc; path = CSLReaderBarcode.m; sourceTree = "<group>"; };
		7655820326DC808100F6C973 /* CSLTemperatureTagSettings.h */ = {isa = PBXFileReference; fileEncoding = 4; lastKnownFileType = sourcecode.c.h; path = CSLTemperatureTagSettings.h; sourceTree = "<group>"; };
		7655820426DC808100F6C973 /* CSLRfidAppEngine.m */ = {isa = PBXFileReference; fileEncoding = 4; lastKnownFileType = sourcecode.c.objc; path = CSLRfidAppEngine.m; sourceTree = "<group>"; };
		7655820526DC808100F6C973 /* CSLReaderInfo.m */ = {isa = PBXFileReference; fileEncoding = 4; lastKnownFileType = sourcecode.c.objc; path = CSLReaderInfo.m; sourceTree = "<group>"; };
		7655822526DC80C600F6C973 /* CSLBleTag.m */ = {isa = PBXFileReference; fileEncoding = 4; lastKnownFileType = sourcecode.c.objc; path = CSLBleTag.m; sourceTree = "<group>"; };
		7655822626DC80C600F6C973 /* CSLBleReader.h */ = {isa = PBXFileReference; fileEncoding = 4; lastKnownFileType = sourcecode.c.h; path = CSLBleReader.h; sourceTree = "<group>"; };
		7655822726DC80C600F6C973 /* CSLCircularQueue.m */ = {isa = PBXFileReference; fileEncoding = 4; lastKnownFileType = sourcecode.c.objc; path = CSLCircularQueue.m; sourceTree = "<group>"; };
		7655822826DC80C600F6C973 /* CSLBleInterface.m */ = {isa = PBXFileReference; fileEncoding = 4; lastKnownFileType = sourcecode.c.objc; path = CSLBleInterface.m; sourceTree = "<group>"; };
		7655822926DC80C600F6C973 /* CSLBlePacket.m */ = {isa = PBXFileReference; fileEncoding = 4; lastKnownFileType = sourcecode.c.objc; path = CSLBlePacket.m; sourceTree = "<group>"; };
		7655822A26DC80C600F6C973 /* CSLBleReader+AccessControl.h */ = {isa = PBXFileReference; fileEncoding = 4; lastKnownFileType = sourcecode.c.h; path = "CSLBleReader+AccessControl.h"; sourceTree = "<group>"; };
		7655822B26DC80C600F6C973 /* CSLBleTag.h */ = {isa = PBXFileReference; fileEncoding = 4; lastKnownFileType = sourcecode.c.h; path = CSLBleTag.h; sourceTree = "<group>"; };
		7655822C26DC80C600F6C973 /* CSLBleInterface.h */ = {isa = PBXFileReference; fileEncoding = 4; lastKnownFileType = sourcecode.c.h; path = CSLBleInterface.h; sourceTree = "<group>"; };
		7655822D26DC80C600F6C973 /* CSLCircularQueue.h */ = {isa = PBXFileReference; fileEncoding = 4; lastKnownFileType = sourcecode.c.h; path = CSLCircularQueue.h; sourceTree = "<group>"; };
		7655822E26DC80C600F6C973 /* CSLBleReader.m */ = {isa = PBXFileReference; fileEncoding = 4; lastKnownFileType = sourcecode.c.objc; path = CSLBleReader.m; sourceTree = "<group>"; };
		7655822F26DC80C600F6C973 /* CSLBleReader+AccessControl.m */ = {isa = PBXFileReference; fileEncoding = 4; lastKnownFileType = sourcecode.c.objc; path = "CSLBleReader+AccessControl.m"; sourceTree = "<group>"; };
		7655823026DC80C600F6C973 /* CSLBlePacket.h */ = {isa = PBXFileReference; fileEncoding = 4; lastKnownFileType = sourcecode.c.h; path = CSLBlePacket.h; sourceTree = "<group>"; };
		7655824626DC8D6100F6C973 /* Pods_CS108iOSClient.framework */ = {isa = PBXFileReference; explicitFileType = wrapper.framework; path = Pods_CS108iOSClient.framework; sourceTree = BUILT_PRODUCTS_DIR; };
		7655824C26DC937400F6C973 /* FractalInventory-Bridging-Header.h */ = {isa = PBXFileReference; lastKnownFileType = sourcecode.c.h; path = "FractalInventory-Bridging-Header.h"; sourceTree = "<group>"; };
		7655825126DE0D1100F6C973 /* IdentifyView.swift */ = {isa = PBXFileReference; lastKnownFileType = sourcecode.swift; path = IdentifyView.swift; sourceTree = "<group>"; };
		7655825426DE127300F6C973 /* RawRfidView.swift */ = {isa = PBXFileReference; lastKnownFileType = sourcecode.swift; path = RawRfidView.swift; sourceTree = "<group>"; };
		7655825626DF285100F6C973 /* CSL.swift */ = {isa = PBXFileReference; lastKnownFileType = sourcecode.swift; path = CSL.swift; sourceTree = "<group>"; };
		7655825926DF287900F6C973 /* SettingsView.swift */ = {isa = PBXFileReference; lastKnownFileType = sourcecode.swift; path = SettingsView.swift; sourceTree = "<group>"; };
		7655825D26DF518B00F6C973 /* CSLViewModel.swift */ = {isa = PBXFileReference; lastKnownFileType = sourcecode.swift; path = CSLViewModel.swift; sourceTree = "<group>"; };
		7655826126DF5EAB00F6C973 /* CSLGlobalVariables.swift */ = {isa = PBXFileReference; lastKnownFileType = sourcecode.swift; path = CSLGlobalVariables.swift; sourceTree = "<group>"; };
		7655826326DF894E00F6C973 /* CSLDelegates.swift */ = {isa = PBXFileReference; lastKnownFileType = sourcecode.swift; path = CSLDelegates.swift; sourceTree = "<group>"; };
		7663FE2027616592001C1578 /* CustomFields.swift */ = {isa = PBXFileReference; lastKnownFileType = sourcecode.swift; path = CustomFields.swift; sourceTree = "<group>"; };
		7663FE2227617D1E001C1578 /* LoadImage.swift */ = {isa = PBXFileReference; lastKnownFileType = sourcecode.swift; path = LoadImage.swift; sourceTree = "<group>"; };
		767C671427544F4B00A5AA3E /* IdentifyReadingSubview.swift */ = {isa = PBXFileReference; lastKnownFileType = sourcecode.swift; path = IdentifyReadingSubview.swift; sourceTree = "<group>"; };
		767C671627545EB200A5AA3E /* ValidatedView.swift */ = {isa = PBXFileReference; lastKnownFileType = sourcecode.swift; path = ValidatedView.swift; sourceTree = "<group>"; };
		767C67182755EAC300A5AA3E /* ValidatedItemSubview.swift */ = {isa = PBXFileReference; lastKnownFileType = sourcecode.swift; path = ValidatedItemSubview.swift; sourceTree = "<group>"; };
		767C671B2755FF7C00A5AA3E /* SearchView.swift */ = {isa = PBXFileReference; lastKnownFileType = sourcecode.swift; path = SearchView.swift; sourceTree = "<group>"; };
		767C671D2756F4E000A5AA3E /* AssetView.swift */ = {isa = PBXFileReference; lastKnownFileType = sourcecode.swift; path = AssetView.swift; sourceTree = "<group>"; };
		767F77B82761626400FD905B /* WebViewStateModel.swift */ = {isa = PBXFileReference; lastKnownFileType = sourcecode.swift; path = WebViewStateModel.swift; sourceTree = "<group>"; };
		767F77BA276163D400FD905B /* WKView.swift */ = {isa = PBXFileReference; lastKnownFileType = sourcecode.swift; path = WKView.swift; sourceTree = "<group>"; };
		76838CFA26FFEE2700B0EDF8 /* AssetSubview.swift */ = {isa = PBXFileReference; lastKnownFileType = sourcecode.swift; path = AssetSubview.swift; sourceTree = "<group>"; };
		76838CFC26FFEE7300B0EDF8 /* AssetModel.swift */ = {isa = PBXFileReference; lastKnownFileType = sourcecode.swift; path = AssetModel.swift; sourceTree = "<group>"; };
		76838D0026FFF60500B0EDF8 /* InventoryView.swift */ = {isa = PBXFileReference; lastKnownFileType = sourcecode.swift; path = InventoryView.swift; sourceTree = "<group>"; };
		76AB757726E4383200862AD6 /* DashboardView.swift */ = {isa = PBXFileReference; lastKnownFileType = sourcecode.swift; path = DashboardView.swift; sourceTree = "<group>"; };
		76AB757B26E443F600862AD6 /* CSLValues.swift */ = {isa = PBXFileReference; lastKnownFileType = sourcecode.swift; path = CSLValues.swift; sourceTree = "<group>"; };
		76AB757F26E47A9200862AD6 /* ReadingSubview.swift */ = {isa = PBXFileReference; lastKnownFileType = sourcecode.swift; path = ReadingSubview.swift; sourceTree = "<group>"; };
		76B3995E2725F0CB000A363A /* ConnectionsSubview.swift */ = {isa = PBXFileReference; lastKnownFileType = sourcecode.swift; path = ConnectionsSubview.swift; sourceTree = "<group>"; };
		76B39961272635A4000A363A /* ImagePicker.swift */ = {isa = PBXFileReference; lastKnownFileType = sourcecode.swift; path = ImagePicker.swift; sourceTree = "<group>"; };
		76B39963272637F4000A363A /* AssetPhoto.swift */ = {isa = PBXFileReference; lastKnownFileType = sourcecode.swift; path = AssetPhoto.swift; sourceTree = "<group>"; };
		76B3996527267F05000A363A /* FileModel.swift */ = {isa = PBXFileReference; lastKnownFileType = sourcecode.swift; path = FileModel.swift; sourceTree = "<group>"; };
		76BAC80D272524EC008DF3FA /* HomeView.swift */ = {isa = PBXFileReference; lastKnownFileType = sourcecode.swift; path = HomeView.swift; sourceTree = "<group>"; };
		76D1EAEB27620EF100EE85B8 /* Loading.swift */ = {isa = PBXFileReference; lastKnownFileType = sourcecode.swift; path = Loading.swift; sourceTree = "<group>"; };
		76D1EAED276D5F3800EE85B8 /* EmployeeModel.swift */ = {isa = PBXFileReference; lastKnownFileType = sourcecode.swift; path = EmployeeModel.swift; sourceTree = "<group>"; };
		76D1EAF02771586100EE85B8 /* EmployeeView.swift */ = {isa = PBXFileReference; lastKnownFileType = sourcecode.swift; path = EmployeeView.swift; sourceTree = "<group>"; };
		76D1EAF227715A5C00EE85B8 /* EmployeeSubview.swift */ = {isa = PBXFileReference; lastKnownFileType = sourcecode.swift; path = EmployeeSubview.swift; sourceTree = "<group>"; };
		76D7CD8127748FE200D3C89D /* NewEmployee.swift */ = {isa = PBXFileReference; lastKnownFileType = sourcecode.swift; path = NewEmployee.swift; sourceTree = "<group>"; };
		76F5AB1826CA2242001B8B89 /* FractalInventory.app */ = {isa = PBXFileReference; explicitFileType = wrapper.application; includeInIndex = 0; path = FractalInventory.app; sourceTree = BUILT_PRODUCTS_DIR; };
		76F5AB1B26CA2242001B8B89 /* FractalInventoryApp.swift */ = {isa = PBXFileReference; lastKnownFileType = sourcecode.swift; path = FractalInventoryApp.swift; sourceTree = "<group>"; };
		76F5AB1D26CA2242001B8B89 /* ContentView.swift */ = {isa = PBXFileReference; lastKnownFileType = sourcecode.swift; path = ContentView.swift; sourceTree = "<group>"; };
		76F5AB1F26CA2245001B8B89 /* Assets.xcassets */ = {isa = PBXFileReference; lastKnownFileType = folder.assetcatalog; path = Assets.xcassets; sourceTree = "<group>"; };
		76F5AB2226CA2245001B8B89 /* Preview Assets.xcassets */ = {isa = PBXFileReference; lastKnownFileType = folder.assetcatalog; path = "Preview Assets.xcassets"; sourceTree = "<group>"; };
		76F5AB2426CA2245001B8B89 /* Info.plist */ = {isa = PBXFileReference; lastKnownFileType = text.plist.xml; path = Info.plist; sourceTree = "<group>"; };
		76F5AB2A26CB2C79001B8B89 /* LogInView.swift */ = {isa = PBXFileReference; lastKnownFileType = sourcecode.swift; path = LogInView.swift; sourceTree = "<group>"; };
		A6100A6A96CC0C8F133CC38C /* Pods_FractalInventory.framework */ = {isa = PBXFileReference; explicitFileType = wrapper.framework; includeInIndex = 0; path = Pods_FractalInventory.framework; sourceTree = BUILT_PRODUCTS_DIR; };
/* End PBXFileReference section */

/* Begin PBXFrameworksBuildPhase section */
		76F5AB1526CA2242001B8B89 /* Frameworks */ = {
			isa = PBXFrameworksBuildPhase;
			buildActionMask = 2147483647;
			files = (
				765581BF26DC715F00F6C973 /* CoreBluetooth.framework in Frameworks */,
				51912303D9BAD715244BA88E /* Pods_FractalInventory.framework in Frameworks */,
			);
			runOnlyForDeploymentPostprocessing = 0;
		};
/* End PBXFrameworksBuildPhase section */

/* Begin PBXGroup section */
		36188C1C27FE56ED008EC7CD /* CoreData */ = {
			isa = PBXGroup;
			children = (
				36188C2027FE594D008EC7CD /* Entities */,
				36188C1D27FE5722008EC7CD /* Inventory.xcdatamodeld */,
				36188C3927FE5FE7008EC7CD /* DataManager.swift */,
			);
			path = CoreData;
			sourceTree = "<group>";
		};
		36188C2027FE594D008EC7CD /* Entities */ = {
			isa = PBXGroup;
			children = (
				362FB734289B9CFD006223FD /* EmployeeProfile+CoreDataClass.swift */,
				362FB735289B9CFD006223FD /* EmployeeProfile+CoreDataProperties.swift */,
				36208FD9289855C400AE795B /* InventorySession+CoreDataClass.swift */,
				36208FDA289855C400AE795B /* InventorySession+CoreDataProperties.swift */,
				367CBFF62893BCAB002E68E1 /* Asset+CoreDataClass.swift */,
				367CBFF72893BCAB002E68E1 /* Asset+CoreDataProperties.swift */,
				36188C3F27FE7013008EC7CD /* Employee+CoreDataClass.swift */,
				36188C4027FE7013008EC7CD /* Employee+CoreDataProperties.swift */,
				36188C3E27FE7013008EC7CD /* Location+CoreDataClass.swift */,
				36188C3C27FE7012008EC7CD /* Location+CoreDataProperties.swift */,
				36188C3B27FE7012008EC7CD /* Reference+CoreDataClass.swift */,
				36188C3D27FE7012008EC7CD /* Reference+CoreDataProperties.swift */,
			);
			path = Entities;
			sourceTree = "<group>";
		};
		36548C92281708340065D05B /* Work Mode  */ = {
			isa = PBXGroup;
			children = (
				36188C1827F43C90008EC7CD /* WorkMode.swift */,
				36188C1A27F44A84008EC7CD /* WorkModeManager.swift */,
				36AA9E132806A66B00434A98 /* WMConstants.swift */,
				36548C93281709CD0065D05B /* WMError.swift */,
			);
			path = "Work Mode ";
			sourceTree = "<group>";
		};
		7601037F26D330C5003C39BA /* LogIn */ = {
			isa = PBXGroup;
			children = (
				76F5AB2A26CB2C79001B8B89 /* LogInView.swift */,
			);
			path = LogIn;
			sourceTree = "<group>";
		};
		7601038626D33B91003C39BA /* Model */ = {
			isa = PBXGroup;
			children = (
				7601038726D33BBC003C39BA /* LocationModel.swift */,
				76D1EAED276D5F3800EE85B8 /* EmployeeModel.swift */,
				76546C8326DB006D00336C10 /* ReferenceModel.swift */,
				76546C7E26D7325400336C10 /* LocationsArray.swift */,
				765581B826DC202A00F6C973 /* EpcsArray.swift */,
				76546C8526DB00AF00336C10 /* ReferencesArray.swift */,
				765581B626DC1FA600F6C973 /* EpcModel.swift */,
				7655826126DF5EAB00F6C973 /* CSLGlobalVariables.swift */,
				76838CFC26FFEE7300B0EDF8 /* AssetModel.swift */,
				76190AEC2713EBC500AD0EE0 /* InventorySessionModel.swift */,
				76190AF22724F1FD00AD0EE0 /* TestingAppModel.swift */,
				76190AF42725151900AD0EE0 /* UserModel.swift */,
				76B3996527267F05000A363A /* FileModel.swift */,
			);
			path = Model;
			sourceTree = "<group>";
		};
		7601038926D3409C003C39BA /* Locations */ = {
			isa = PBXGroup;
			children = (
				7601038A26D340AC003C39BA /* LocationsView.swift */,
				7601038426D335E8003C39BA /* LocationSubview.swift */,
			);
			path = Locations;
			sourceTree = "<group>";
		};
		76190AE72713DEE100AD0EE0 /* Assets */ = {
			isa = PBXGroup;
			children = (
				76190AEE2713FE9C00AD0EE0 /* AssetListSubview.swift */,
				76190AF0271400D200AD0EE0 /* AssetListItemSubview.swift */,
			);
			path = Assets;
			sourceTree = "<group>";
		};
		764E264126DC02DF00D7742B /* Helpers */ = {
			isa = PBXGroup;
			children = (
				36548C92281708340065D05B /* Work Mode  */,
				36188C1C27FE56ED008EC7CD /* CoreData */,
				764E264226DC02F400D7742B /* RemoteImage.swift */,
				7655825626DF285100F6C973 /* CSL.swift */,
				76AB757B26E443F600862AD6 /* CSLValues.swift */,
				767F77B82761626400FD905B /* WebViewStateModel.swift */,
				767F77BA276163D400FD905B /* WKView.swift */,
			);
			path = Helpers;
			sourceTree = "<group>";
		};
		76546C8026DB000500336C10 /* References */ = {
			isa = PBXGroup;
			children = (
				76546C8126DB001F00336C10 /* ReferencesView.swift */,
				76546C8726DB060200336C10 /* ReferenceSubview.swift */,
			);
			path = References;
			sourceTree = "<group>";
		};
		76546C8926DB262000336C10 /* Tagging */ = {
			isa = PBXGroup;
			children = (
				76546C8A26DB3A4A00336C10 /* TaggingView.swift */,
			);
			path = Tagging;
			sourceTree = "<group>";
		};
		765581BD26DC715F00F6C973 /* Frameworks */ = {
			isa = PBXGroup;
			children = (
				765581BE26DC715F00F6C973 /* CoreBluetooth.framework */,
				A6100A6A96CC0C8F133CC38C /* Pods_FractalInventory.framework */,
			);
			name = Frameworks;
			sourceTree = "<group>";
		};
		765581C426DC805B00F6C973 /* Hardware */ = {
			isa = PBXGroup;
			children = (
				765581C526DC806800F6C973 /* CSL */,
			);
			path = Hardware;
			sourceTree = "<group>";
		};
		765581C526DC806800F6C973 /* CSL */ = {
			isa = PBXGroup;
			children = (
				7655824B26DC932700F6C973 /* Bridge */,
				7655823726DC850800F6C973 /* Views */,
				7655822426DC80C600F6C973 /* CSLReader */,
				765581C626DC808100F6C973 /* model */,
			);
			path = CSL;
			sourceTree = "<group>";
		};
		765581C626DC808100F6C973 /* model */ = {
			isa = PBXGroup;
			children = (
				765581C726DC808100F6C973 /* CSLReaderFrequency.h */,
				765581C826DC808100F6C973 /* CSLReaderBattery.h */,
				765581C926DC808100F6C973 /* CSLReaderSettings.h */,
				765581CA26DC808100F6C973 /* MQTTClient */,
				765581F926DC808100F6C973 /* CSLMQTTSettings.m */,
				765581FA26DC808100F6C973 /* CSLReaderInfo.h */,
				765581FB26DC808100F6C973 /* CSLRfidAppEngine.h */,
				765581FC26DC808100F6C973 /* CSLTemperatureTagSettings.m */,
				765581FD26DC808100F6C973 /* CSLReaderBarcode.h */,
				765581FE26DC808100F6C973 /* CSLMQTTSettings.h */,
				765581FF26DC808100F6C973 /* CSLReaderSettings.m */,
				7655820026DC808100F6C973 /* CSLReaderFrequency.m */,
				7655820126DC808100F6C973 /* CSLReaderBattery.m */,
				7655820226DC808100F6C973 /* CSLReaderBarcode.m */,
				7655820326DC808100F6C973 /* CSLTemperatureTagSettings.h */,
				7655820426DC808100F6C973 /* CSLRfidAppEngine.m */,
				7655820526DC808100F6C973 /* CSLReaderInfo.m */,
			);
			path = model;
			sourceTree = "<group>";
		};
		765581CA26DC808100F6C973 /* MQTTClient */ = {
			isa = PBXGroup;
			children = (
				765581CB26DC808100F6C973 /* ReconnectTimer.h */,
				765581CC26DC808100F6C973 /* MQTTSSLSecurityPolicyTransport.m */,
				765581CD26DC808100F6C973 /* MQTTCoreDataPersistence.h */,
				765581CE26DC808100F6C973 /* MQTTLog.m */,
				765581CF26DC808100F6C973 /* MQTTTransport.m */,
				765581D026DC808100F6C973 /* MQTTSSLSecurityPolicyEncoder.h */,
				765581D126DC808100F6C973 /* MQTTSession.h */,
				765581D226DC808100F6C973 /* MQTTInMemoryPersistence.h */,
				765581D326DC808100F6C973 /* ForegroundReconnection.h */,
				765581D426DC808100F6C973 /* MQTTStrict.h */,
				765581D526DC808100F6C973 /* MQTTPersistence.h */,
				765581D626DC808100F6C973 /* MQTTCFSocketEncoder.m */,
				765581D726DC808100F6C973 /* MQTTSessionManager.m */,
				765581D826DC808100F6C973 /* GCDTimer.m */,
				765581D926DC808100F6C973 /* MQTTCFSocketTransport.m */,
				765581DA26DC808100F6C973 /* MQTTCFSocketDecoder.h */,
				765581DB26DC808100F6C973 /* MQTTMessage.m */,
				765581DC26DC808100F6C973 /* MQTTDecoder.m */,
				765581DD26DC808100F6C973 /* MQTTSessionSynchron.h */,
				765581DE26DC808100F6C973 /* MQTTSSLSecurityPolicy.m */,
				765581DF26DC808100F6C973 /* MQTTProperties.m */,
				765581E026DC808100F6C973 /* MQTTSessionLegacy.h */,
				765581E126DC808100F6C973 /* MQTTSSLSecurityPolicyDecoder.m */,
				765581E226DC808100F6C973 /* MQTTSSLSecurityPolicyEncoder.m */,
				765581E326DC808100F6C973 /* MQTTTransport.h */,
				765581E426DC808100F6C973 /* MQTTClient.h */,
				765581E526DC808100F6C973 /* MQTTLog.h */,
				765581E626DC808100F6C973 /* MQTTCoreDataPersistence.m */,
				765581E726DC808100F6C973 /* MQTTSSLSecurityPolicyTransport.h */,
				765581E826DC808100F6C973 /* ReconnectTimer.m */,
				765581E926DC808100F6C973 /* MQTTCFSocketEncoder.h */,
				765581EA26DC808100F6C973 /* ForegroundReconnection.m */,
				765581EB26DC808100F6C973 /* MQTTStrict.m */,
				765581EC26DC808100F6C973 /* MQTTInMemoryPersistence.m */,
				765581ED26DC808100F6C973 /* MQTTSession.m */,
				765581EE26DC808100F6C973 /* MQTTMessage.h */,
				765581EF26DC808100F6C973 /* MQTTCFSocketDecoder.m */,
				765581F026DC808100F6C973 /* MQTTCFSocketTransport.h */,
				765581F126DC808100F6C973 /* GCDTimer.h */,
				765581F226DC808100F6C973 /* MQTTSessionManager.h */,
				765581F326DC808100F6C973 /* MQTTSessionLegacy.m */,
				765581F426DC808100F6C973 /* MQTTSSLSecurityPolicyDecoder.h */,
				765581F526DC808100F6C973 /* MQTTProperties.h */,
				765581F626DC808100F6C973 /* MQTTSSLSecurityPolicy.h */,
				765581F726DC808100F6C973 /* MQTTSessionSynchron.m */,
				765581F826DC808100F6C973 /* MQTTDecoder.h */,
			);
			path = MQTTClient;
			sourceTree = "<group>";
		};
		7655822426DC80C600F6C973 /* CSLReader */ = {
			isa = PBXGroup;
			children = (
				7655822526DC80C600F6C973 /* CSLBleTag.m */,
				7655822626DC80C600F6C973 /* CSLBleReader.h */,
				7655822726DC80C600F6C973 /* CSLCircularQueue.m */,
				7655822826DC80C600F6C973 /* CSLBleInterface.m */,
				7655822926DC80C600F6C973 /* CSLBlePacket.m */,
				7655822A26DC80C600F6C973 /* CSLBleReader+AccessControl.h */,
				7655822B26DC80C600F6C973 /* CSLBleTag.h */,
				7655822C26DC80C600F6C973 /* CSLBleInterface.h */,
				7655822D26DC80C600F6C973 /* CSLCircularQueue.h */,
				7655822E26DC80C600F6C973 /* CSLBleReader.m */,
				7655822F26DC80C600F6C973 /* CSLBleReader+AccessControl.m */,
				7655823026DC80C600F6C973 /* CSLBlePacket.h */,
			);
			path = CSLReader;
			sourceTree = "<group>";
		};
		7655823726DC850800F6C973 /* Views */ = {
			isa = PBXGroup;
			children = (
				7655826326DF894E00F6C973 /* CSLDelegates.swift */,
				7655825D26DF518B00F6C973 /* CSLViewModel.swift */,
			);
			path = Views;
			sourceTree = "<group>";
		};
		7655824A26DC8E8F00F6C973 /* Recovered References */ = {
			isa = PBXGroup;
			children = (
				7655824626DC8D6100F6C973 /* Pods_CS108iOSClient.framework */,
			);
			name = "Recovered References";
			sourceTree = "<group>";
		};
		7655824B26DC932700F6C973 /* Bridge */ = {
			isa = PBXGroup;
			children = (
				7655824C26DC937400F6C973 /* FractalInventory-Bridging-Header.h */,
			);
			path = Bridge;
			sourceTree = "<group>";
		};
		7655825026DE0D0100F6C973 /* Identify */ = {
			isa = PBXGroup;
			children = (
				7655825126DE0D1100F6C973 /* IdentifyView.swift */,
				767C671627545EB200A5AA3E /* ValidatedView.swift */,
				767C67182755EAC300A5AA3E /* ValidatedItemSubview.swift */,
				767C671427544F4B00A5AA3E /* IdentifyReadingSubview.swift */,
				767C671D2756F4E000A5AA3E /* AssetView.swift */,
			);
			path = Identify;
			sourceTree = "<group>";
		};
		7655825326DE125900F6C973 /* RawRfidReadings */ = {
			isa = PBXGroup;
			children = (
				7655825426DE127300F6C973 /* RawRfidView.swift */,
				76AB757F26E47A9200862AD6 /* ReadingSubview.swift */,
			);
			path = RawRfidReadings;
			sourceTree = "<group>";
		};
		7655825826DF286A00F6C973 /* Settings */ = {
			isa = PBXGroup;
			children = (
				7655825926DF287900F6C973 /* SettingsView.swift */,
				76B3995E2725F0CB000A363A /* ConnectionsSubview.swift */,
			);
			path = Settings;
			sourceTree = "<group>";
		};
		767C671A2755FF4700A5AA3E /* Search */ = {
			isa = PBXGroup;
			children = (
				767C671B2755FF7C00A5AA3E /* SearchView.swift */,
			);
			path = Search;
			sourceTree = "<group>";
		};
		76838CF926FFEC5A00B0EDF8 /* Inventory */ = {
			isa = PBXGroup;
			children = (
				76838CFA26FFEE2700B0EDF8 /* AssetSubview.swift */,
				76838D0026FFF60500B0EDF8 /* InventoryView.swift */,
				76190AE82713DEFB00AD0EE0 /* InventorySessionSubview.swift */,
				76190AEA2713EB2B00AD0EE0 /* InventorySessionItemSubview.swift */,
			);
			path = Inventory;
			sourceTree = "<group>";
		};
		76AB757626E4380900862AD6 /* Dashboard */ = {
			isa = PBXGroup;
			children = (
				76AB757726E4383200862AD6 /* DashboardView.swift */,
			);
			path = Dashboard;
			sourceTree = "<group>";
		};
		76B399602726353F000A363A /* Misc */ = {
			isa = PBXGroup;
			children = (
				76B39961272635A4000A363A /* ImagePicker.swift */,
				76B39963272637F4000A363A /* AssetPhoto.swift */,
				76D1EAEB27620EF100EE85B8 /* Loading.swift */,
				7663FE2027616592001C1578 /* CustomFields.swift */,
				7663FE2227617D1E001C1578 /* LoadImage.swift */,
			);
			path = Misc;
			sourceTree = "<group>";
		};
		76BAC80C272524D5008DF3FA /* Home */ = {
			isa = PBXGroup;
			children = (
				76BAC80D272524EC008DF3FA /* HomeView.swift */,
			);
			path = Home;
			sourceTree = "<group>";
		};
		76CA1B9F26CDEE7B00A65741 /* Views */ = {
			isa = PBXGroup;
			children = (
				76D1EAEF2771584600EE85B8 /* Employees */,
				767C671A2755FF4700A5AA3E /* Search */,
				76B399602726353F000A363A /* Misc */,
				76BAC80C272524D5008DF3FA /* Home */,
				76190AE72713DEE100AD0EE0 /* Assets */,
				76838CF926FFEC5A00B0EDF8 /* Inventory */,
				76AB757626E4380900862AD6 /* Dashboard */,
				7655825826DF286A00F6C973 /* Settings */,
				7655825326DE125900F6C973 /* RawRfidReadings */,
				7655825026DE0D0100F6C973 /* Identify */,
				76546C8926DB262000336C10 /* Tagging */,
				76546C8026DB000500336C10 /* References */,
				7601038926D3409C003C39BA /* Locations */,
				7601037F26D330C5003C39BA /* LogIn */,
			);
			path = Views;
			sourceTree = "<group>";
		};
		76D1EAEF2771584600EE85B8 /* Employees */ = {
			isa = PBXGroup;
			children = (
				76D1EAF02771586100EE85B8 /* EmployeeView.swift */,
				76D1EAF227715A5C00EE85B8 /* EmployeeSubview.swift */,
				76D7CD8127748FE200D3C89D /* NewEmployee.swift */,
			);
			path = Employees;
			sourceTree = "<group>";
		};
		76F5AB0F26CA2242001B8B89 = {
			isa = PBXGroup;
			children = (
				76F5AB1A26CA2242001B8B89 /* FractalInventory */,
				76F5AB1926CA2242001B8B89 /* Products */,
				765581BD26DC715F00F6C973 /* Frameworks */,
				EED1D8690269FD57853958C3 /* Pods */,
				7655824A26DC8E8F00F6C973 /* Recovered References */,
			);
			sourceTree = "<group>";
		};
		76F5AB1926CA2242001B8B89 /* Products */ = {
			isa = PBXGroup;
			children = (
				76F5AB1826CA2242001B8B89 /* FractalInventory.app */,
			);
			name = Products;
			sourceTree = "<group>";
		};
		76F5AB1A26CA2242001B8B89 /* FractalInventory */ = {
			isa = PBXGroup;
			children = (
				765581C426DC805B00F6C973 /* Hardware */,
				764E264126DC02DF00D7742B /* Helpers */,
				7601038626D33B91003C39BA /* Model */,
				76CA1B9F26CDEE7B00A65741 /* Views */,
				76F5AB1B26CA2242001B8B89 /* FractalInventoryApp.swift */,
				76F5AB1D26CA2242001B8B89 /* ContentView.swift */,
				76F5AB1F26CA2245001B8B89 /* Assets.xcassets */,
				76F5AB2426CA2245001B8B89 /* Info.plist */,
				76F5AB2126CA2245001B8B89 /* Preview Content */,
			);
			path = FractalInventory;
			sourceTree = "<group>";
		};
		76F5AB2126CA2245001B8B89 /* Preview Content */ = {
			isa = PBXGroup;
			children = (
				76F5AB2226CA2245001B8B89 /* Preview Assets.xcassets */,
			);
			path = "Preview Content";
			sourceTree = "<group>";
		};
		EED1D8690269FD57853958C3 /* Pods */ = {
			isa = PBXGroup;
			children = (
				4E471B217947CF0F7CF94590 /* Pods-FractalInventory.debug.xcconfig */,
				6A581ACFB2E21DBDE129DD82 /* Pods-FractalInventory.release.xcconfig */,
			);
			path = Pods;
			sourceTree = "<group>";
		};
/* End PBXGroup section */

/* Begin PBXNativeTarget section */
		76F5AB1726CA2242001B8B89 /* FractalInventory */ = {
			isa = PBXNativeTarget;
			buildConfigurationList = 76F5AB2726CA2245001B8B89 /* Build configuration list for PBXNativeTarget "FractalInventory" */;
			buildPhases = (
				0D6183B56D73FCFE05F55382 /* [CP] Check Pods Manifest.lock */,
				76F5AB1426CA2242001B8B89 /* Sources */,
				76F5AB1526CA2242001B8B89 /* Frameworks */,
				76F5AB1626CA2242001B8B89 /* Resources */,
				25CBB12C4200F8460D905EDE /* [CP] Embed Pods Frameworks */,
			);
			buildRules = (
			);
			dependencies = (
			);
			name = FractalInventory;
			productName = FractalInventory;
			productReference = 76F5AB1826CA2242001B8B89 /* FractalInventory.app */;
			productType = "com.apple.product-type.application";
		};
/* End PBXNativeTarget section */

/* Begin PBXProject section */
		76F5AB1026CA2242001B8B89 /* Project object */ = {
			isa = PBXProject;
			attributes = {
				LastSwiftUpdateCheck = 1250;
				LastUpgradeCheck = 1250;
				TargetAttributes = {
					76F5AB1726CA2242001B8B89 = {
						CreatedOnToolsVersion = 12.5.1;
					};
				};
			};
			buildConfigurationList = 76F5AB1326CA2242001B8B89 /* Build configuration list for PBXProject "FractalInventory" */;
			compatibilityVersion = "Xcode 9.3";
			developmentRegion = en;
			hasScannedForEncodings = 0;
			knownRegions = (
				en,
				Base,
			);
			mainGroup = 76F5AB0F26CA2242001B8B89;
			productRefGroup = 76F5AB1926CA2242001B8B89 /* Products */;
			projectDirPath = "";
			projectRoot = "";
			targets = (
				76F5AB1726CA2242001B8B89 /* FractalInventory */,
			);
		};
/* End PBXProject section */

/* Begin PBXResourcesBuildPhase section */
		76F5AB1626CA2242001B8B89 /* Resources */ = {
			isa = PBXResourcesBuildPhase;
			buildActionMask = 2147483647;
			files = (
				76F5AB2326CA2245001B8B89 /* Preview Assets.xcassets in Resources */,
				76F5AB2026CA2245001B8B89 /* Assets.xcassets in Resources */,
			);
			runOnlyForDeploymentPostprocessing = 0;
		};
/* End PBXResourcesBuildPhase section */

/* Begin PBXShellScriptBuildPhase section */
		0D6183B56D73FCFE05F55382 /* [CP] Check Pods Manifest.lock */ = {
			isa = PBXShellScriptBuildPhase;
			buildActionMask = 2147483647;
			files = (
			);
			inputFileListPaths = (
			);
			inputPaths = (
				"${PODS_PODFILE_DIR_PATH}/Podfile.lock",
				"${PODS_ROOT}/Manifest.lock",
			);
			name = "[CP] Check Pods Manifest.lock";
			outputFileListPaths = (
			);
			outputPaths = (
				"$(DERIVED_FILE_DIR)/Pods-FractalInventory-checkManifestLockResult.txt",
			);
			runOnlyForDeploymentPostprocessing = 0;
			shellPath = /bin/sh;
			shellScript = "diff \"${PODS_PODFILE_DIR_PATH}/Podfile.lock\" \"${PODS_ROOT}/Manifest.lock\" > /dev/null\nif [ $? != 0 ] ; then\n    # print error to STDERR\n    echo \"error: The sandbox is not in sync with the Podfile.lock. Run 'pod install' or update your CocoaPods installation.\" >&2\n    exit 1\nfi\n# This output is used by Xcode 'outputs' to avoid re-running this script phase.\necho \"SUCCESS\" > \"${SCRIPT_OUTPUT_FILE_0}\"\n";
			showEnvVarsInLog = 0;
		};
		25CBB12C4200F8460D905EDE /* [CP] Embed Pods Frameworks */ = {
			isa = PBXShellScriptBuildPhase;
			buildActionMask = 2147483647;
			files = (
			);
			inputFileListPaths = (
				"${PODS_ROOT}/Target Support Files/Pods-FractalInventory/Pods-FractalInventory-frameworks-${CONFIGURATION}-input-files.xcfilelist",
			);
			name = "[CP] Embed Pods Frameworks";
			outputFileListPaths = (
				"${PODS_ROOT}/Target Support Files/Pods-FractalInventory/Pods-FractalInventory-frameworks-${CONFIGURATION}-output-files.xcfilelist",
			);
			runOnlyForDeploymentPostprocessing = 0;
			shellPath = /bin/sh;
			shellScript = "\"${PODS_ROOT}/Target Support Files/Pods-FractalInventory/Pods-FractalInventory-frameworks.sh\"\n";
			showEnvVarsInLog = 0;
		};
/* End PBXShellScriptBuildPhase section */

/* Begin PBXSourcesBuildPhase section */
		76F5AB1426CA2242001B8B89 /* Sources */ = {
			isa = PBXSourcesBuildPhase;
			buildActionMask = 2147483647;
			files = (
				76F5AB2B26CB2C79001B8B89 /* LogInView.swift in Sources */,
				7655821026DC808100F6C973 /* MQTTProperties.m in Sources */,
				7655823126DC80C600F6C973 /* CSLBleTag.m in Sources */,
				36188C4527FE7013008EC7CD /* Employee+CoreDataClass.swift in Sources */,
				7601038526D335E8003C39BA /* LocationSubview.swift in Sources */,
				7655821D26DC808100F6C973 /* CSLTemperatureTagSettings.m in Sources */,
				7655821F26DC808100F6C973 /* CSLReaderFrequency.m in Sources */,
				76546C7F26D7325400336C10 /* LocationsArray.swift in Sources */,
				767C671727545EB200A5AA3E /* ValidatedView.swift in Sources */,
				7655820D26DC808100F6C973 /* MQTTMessage.m in Sources */,
				76190AF52725151900AD0EE0 /* UserModel.swift in Sources */,
				767C671C2755FF7C00A5AA3E /* SearchView.swift in Sources */,
				76D1EAEE276D5F3900EE85B8 /* EmployeeModel.swift in Sources */,
				36AA9E142806A66B00434A98 /* WMConstants.swift in Sources */,
				767C671E2756F4E100A5AA3E /* AssetView.swift in Sources */,
				7655823526DC80C600F6C973 /* CSLBleReader.m in Sources */,
				7655822226DC808100F6C973 /* CSLRfidAppEngine.m in Sources */,
				76D1EAEC27620EF100EE85B8 /* Loading.swift in Sources */,
				7655826426DF894E00F6C973 /* CSLDelegates.swift in Sources */,
				7655823226DC80C600F6C973 /* CSLCircularQueue.m in Sources */,
				76B3995F2725F0CB000A363A /* ConnectionsSubview.swift in Sources */,
				7655821626DC808100F6C973 /* MQTTStrict.m in Sources */,
				7655825526DE127300F6C973 /* RawRfidView.swift in Sources */,
				367CBFF92893BCAB002E68E1 /* Asset+CoreDataProperties.swift in Sources */,
				76190AEB2713EB2B00AD0EE0 /* InventorySessionItemSubview.swift in Sources */,
				767F77BB276163D400FD905B /* WKView.swift in Sources */,
				76F5AB1E26CA2242001B8B89 /* ContentView.swift in Sources */,
				7655823426DC80C600F6C973 /* CSLBlePacket.m in Sources */,
				36208FDC289855C400AE795B /* InventorySession+CoreDataProperties.swift in Sources */,
				765581B926DC202A00F6C973 /* EpcsArray.swift in Sources */,
				76838CFB26FFEE2B00B0EDF8 /* AssetSubview.swift in Sources */,
				76190AEF2713FE9C00AD0EE0 /* AssetListSubview.swift in Sources */,
				76546C8626DB00AF00336C10 /* ReferencesArray.swift in Sources */,
				76BAC80E272524EC008DF3FA /* HomeView.swift in Sources */,
				362FB737289B9CFD006223FD /* EmployeeProfile+CoreDataProperties.swift in Sources */,
				36188C1F27FE5722008EC7CD /* Inventory.xcdatamodeld in Sources */,
				7655820626DC808100F6C973 /* MQTTSSLSecurityPolicyTransport.m in Sources */,
				76190AED2713EBC500AD0EE0 /* InventorySessionModel.swift in Sources */,
				7655823626DC80C600F6C973 /* CSLBleReader+AccessControl.m in Sources */,
				7655823326DC80C600F6C973 /* CSLBleInterface.m in Sources */,
				7655820E26DC808100F6C973 /* MQTTDecoder.m in Sources */,
				76546C8B26DB3A4A00336C10 /* TaggingView.swift in Sources */,
				7655825726DF285100F6C973 /* CSL.swift in Sources */,
				7655821B26DC808100F6C973 /* MQTTSessionSynchron.m in Sources */,
				362FB736289B9CFD006223FD /* EmployeeProfile+CoreDataClass.swift in Sources */,
				76838D0126FFF60500B0EDF8 /* InventoryView.swift in Sources */,
				76D1EAF12771586200EE85B8 /* EmployeeView.swift in Sources */,
				7655821126DC808100F6C973 /* MQTTSSLSecurityPolicyDecoder.m in Sources */,
				36208FDB289855C400AE795B /* InventorySession+CoreDataClass.swift in Sources */,
				367CBFF82893BCAB002E68E1 /* Asset+CoreDataClass.swift in Sources */,
				36188C4427FE7013008EC7CD /* Location+CoreDataClass.swift in Sources */,
				7655820B26DC808100F6C973 /* GCDTimer.m in Sources */,
				36188C4127FE7013008EC7CD /* Reference+CoreDataClass.swift in Sources */,
				76546C8826DB060200336C10 /* ReferenceSubview.swift in Sources */,
				7655821726DC808100F6C973 /* MQTTInMemoryPersistence.m in Sources */,
				76AB757826E4383200862AD6 /* DashboardView.swift in Sources */,
				76D7CD8227748FE200D3C89D /* NewEmployee.swift in Sources */,
				76F5AB1C26CA2242001B8B89 /* FractalInventoryApp.swift in Sources */,
				76838CFD26FFEE7300B0EDF8 /* AssetModel.swift in Sources */,
				7663FE2127616592001C1578 /* CustomFields.swift in Sources */,
				7601038826D33BBC003C39BA /* LocationModel.swift in Sources */,
				7655821926DC808100F6C973 /* MQTTCFSocketDecoder.m in Sources */,
				7655821826DC808100F6C973 /* MQTTSession.m in Sources */,
				764E264326DC02F400D7742B /* RemoteImage.swift in Sources */,
				76D1EAF327715A5C00EE85B8 /* EmployeeSubview.swift in Sources */,
				76B39962272635A4000A363A /* ImagePicker.swift in Sources */,
				36188C1B27F44A84008EC7CD /* WorkModeManager.swift in Sources */,
				7655822326DC808100F6C973 /* CSLReaderInfo.m in Sources */,
				7655821A26DC808100F6C973 /* MQTTSessionLegacy.m in Sources */,
				7655824D26DC937400F6C973 /* FractalInventory-Bridging-Header.h in Sources */,
				7655820926DC808100F6C973 /* MQTTCFSocketEncoder.m in Sources */,
				7655821326DC808100F6C973 /* MQTTCoreDataPersistence.m in Sources */,
				7655822026DC808100F6C973 /* CSLReaderBattery.m in Sources */,
				765581B726DC1FA600F6C973 /* EpcModel.swift in Sources */,
				7655821526DC808100F6C973 /* ForegroundReconnection.m in Sources */,
				36548C94281709CD0065D05B /* WMError.swift in Sources */,
				36188C3A27FE5FE7008EC7CD /* DataManager.swift in Sources */,
				7655825E26DF518B00F6C973 /* CSLViewModel.swift in Sources */,
				7655825A26DF287900F6C973 /* SettingsView.swift in Sources */,
				7655821226DC808100F6C973 /* MQTTSSLSecurityPolicyEncoder.m in Sources */,
				76546C8426DB006D00336C10 /* ReferenceModel.swift in Sources */,
				7601038B26D340AC003C39BA /* LocationsView.swift in Sources */,
				7655820F26DC808100F6C973 /* MQTTSSLSecurityPolicy.m in Sources */,
				36188C4327FE7013008EC7CD /* Reference+CoreDataProperties.swift in Sources */,
				7655826226DF5EAB00F6C973 /* CSLGlobalVariables.swift in Sources */,
				76B3996627267F05000A363A /* FileModel.swift in Sources */,
				767C67192755EAC400A5AA3E /* ValidatedItemSubview.swift in Sources */,
				76B39964272637F4000A363A /* AssetPhoto.swift in Sources */,
				7663FE2327617D1E001C1578 /* LoadImage.swift in Sources */,
				7655820726DC808100F6C973 /* MQTTLog.m in Sources */,
				7655820A26DC808100F6C973 /* MQTTSessionManager.m in Sources */,
				767F77B92761626400FD905B /* WebViewStateModel.swift in Sources */,
				36188C1927F43C91008EC7CD /* WorkMode.swift in Sources */,
				7655821E26DC808100F6C973 /* CSLReaderSettings.m in Sources */,
				76190AE92713DEFB00AD0EE0 /* InventorySessionSubview.swift in Sources */,
				76AB758026E47A9200862AD6 /* ReadingSubview.swift in Sources */,
				36188C4227FE7013008EC7CD /* Location+CoreDataProperties.swift in Sources */,
				7655822126DC808100F6C973 /* CSLReaderBarcode.m in Sources */,
				7655821426DC808100F6C973 /* ReconnectTimer.m in Sources */,
				767C671527544F4B00A5AA3E /* IdentifyReadingSubview.swift in Sources */,
				76190AF32724F1FE00AD0EE0 /* TestingAppModel.swift in Sources */,
				76546C8226DB001F00336C10 /* ReferencesView.swift in Sources */,
				36188C4627FE7013008EC7CD /* Employee+CoreDataProperties.swift in Sources */,
				76190AF1271400D200AD0EE0 /* AssetListItemSubview.swift in Sources */,
				7655820C26DC808100F6C973 /* MQTTCFSocketTransport.m in Sources */,
				76AB757C26E443F600862AD6 /* CSLValues.swift in Sources */,
				7655825226DE0D1100F6C973 /* IdentifyView.swift in Sources */,
				7655821C26DC808100F6C973 /* CSLMQTTSettings.m in Sources */,
				7655820826DC808100F6C973 /* MQTTTransport.m in Sources */,
			);
			runOnlyForDeploymentPostprocessing = 0;
		};
/* End PBXSourcesBuildPhase section */

/* Begin XCBuildConfiguration section */
		76F5AB2526CA2245001B8B89 /* Debug */ = {
			isa = XCBuildConfiguration;
			buildSettings = {
				ALWAYS_SEARCH_USER_PATHS = NO;
				CLANG_ANALYZER_NONNULL = YES;
				CLANG_ANALYZER_NUMBER_OBJECT_CONVERSION = YES_AGGRESSIVE;
				CLANG_CXX_LANGUAGE_STANDARD = "gnu++14";
				CLANG_CXX_LIBRARY = "libc++";
				CLANG_ENABLE_MODULES = YES;
				CLANG_ENABLE_OBJC_ARC = YES;
				CLANG_ENABLE_OBJC_WEAK = YES;
				CLANG_WARN_BLOCK_CAPTURE_AUTORELEASING = YES;
				CLANG_WARN_BOOL_CONVERSION = YES;
				CLANG_WARN_COMMA = YES;
				CLANG_WARN_CONSTANT_CONVERSION = YES;
				CLANG_WARN_DEPRECATED_OBJC_IMPLEMENTATIONS = YES;
				CLANG_WARN_DIRECT_OBJC_ISA_USAGE = YES_ERROR;
				CLANG_WARN_DOCUMENTATION_COMMENTS = YES;
				CLANG_WARN_EMPTY_BODY = YES;
				CLANG_WARN_ENUM_CONVERSION = YES;
				CLANG_WARN_INFINITE_RECURSION = YES;
				CLANG_WARN_INT_CONVERSION = YES;
				CLANG_WARN_NON_LITERAL_NULL_CONVERSION = YES;
				CLANG_WARN_OBJC_IMPLICIT_RETAIN_SELF = YES;
				CLANG_WARN_OBJC_LITERAL_CONVERSION = YES;
				CLANG_WARN_OBJC_ROOT_CLASS = YES_ERROR;
				CLANG_WARN_QUOTED_INCLUDE_IN_FRAMEWORK_HEADER = YES;
				CLANG_WARN_RANGE_LOOP_ANALYSIS = YES;
				CLANG_WARN_STRICT_PROTOTYPES = YES;
				CLANG_WARN_SUSPICIOUS_MOVE = YES;
				CLANG_WARN_UNGUARDED_AVAILABILITY = YES_AGGRESSIVE;
				CLANG_WARN_UNREACHABLE_CODE = YES;
				CLANG_WARN__DUPLICATE_METHOD_MATCH = YES;
				COPY_PHASE_STRIP = NO;
				DEBUG_INFORMATION_FORMAT = dwarf;
				ENABLE_STRICT_OBJC_MSGSEND = YES;
				ENABLE_TESTABILITY = YES;
				GCC_C_LANGUAGE_STANDARD = gnu11;
				GCC_DYNAMIC_NO_PIC = NO;
				GCC_NO_COMMON_BLOCKS = YES;
				GCC_OPTIMIZATION_LEVEL = 0;
				GCC_PREPROCESSOR_DEFINITIONS = (
					"DEBUG=1",
					"$(inherited)",
				);
				GCC_WARN_64_TO_32_BIT_CONVERSION = YES;
				GCC_WARN_ABOUT_RETURN_TYPE = YES_ERROR;
				GCC_WARN_UNDECLARED_SELECTOR = YES;
				GCC_WARN_UNINITIALIZED_AUTOS = YES_AGGRESSIVE;
				GCC_WARN_UNUSED_FUNCTION = YES;
				GCC_WARN_UNUSED_VARIABLE = YES;
				IPHONEOS_DEPLOYMENT_TARGET = 14.5;
				MTL_ENABLE_DEBUG_INFO = INCLUDE_SOURCE;
				MTL_FAST_MATH = YES;
				ONLY_ACTIVE_ARCH = YES;
				SDKROOT = iphoneos;
				SWIFT_ACTIVE_COMPILATION_CONDITIONS = DEBUG;
				SWIFT_OPTIMIZATION_LEVEL = "-Onone";
			};
			name = Debug;
		};
		76F5AB2626CA2245001B8B89 /* Release */ = {
			isa = XCBuildConfiguration;
			buildSettings = {
				ALWAYS_SEARCH_USER_PATHS = NO;
				CLANG_ANALYZER_NONNULL = YES;
				CLANG_ANALYZER_NUMBER_OBJECT_CONVERSION = YES_AGGRESSIVE;
				CLANG_CXX_LANGUAGE_STANDARD = "gnu++14";
				CLANG_CXX_LIBRARY = "libc++";
				CLANG_ENABLE_MODULES = YES;
				CLANG_ENABLE_OBJC_ARC = YES;
				CLANG_ENABLE_OBJC_WEAK = YES;
				CLANG_WARN_BLOCK_CAPTURE_AUTORELEASING = YES;
				CLANG_WARN_BOOL_CONVERSION = YES;
				CLANG_WARN_COMMA = YES;
				CLANG_WARN_CONSTANT_CONVERSION = YES;
				CLANG_WARN_DEPRECATED_OBJC_IMPLEMENTATIONS = YES;
				CLANG_WARN_DIRECT_OBJC_ISA_USAGE = YES_ERROR;
				CLANG_WARN_DOCUMENTATION_COMMENTS = YES;
				CLANG_WARN_EMPTY_BODY = YES;
				CLANG_WARN_ENUM_CONVERSION = YES;
				CLANG_WARN_INFINITE_RECURSION = YES;
				CLANG_WARN_INT_CONVERSION = YES;
				CLANG_WARN_NON_LITERAL_NULL_CONVERSION = YES;
				CLANG_WARN_OBJC_IMPLICIT_RETAIN_SELF = YES;
				CLANG_WARN_OBJC_LITERAL_CONVERSION = YES;
				CLANG_WARN_OBJC_ROOT_CLASS = YES_ERROR;
				CLANG_WARN_QUOTED_INCLUDE_IN_FRAMEWORK_HEADER = YES;
				CLANG_WARN_RANGE_LOOP_ANALYSIS = YES;
				CLANG_WARN_STRICT_PROTOTYPES = YES;
				CLANG_WARN_SUSPICIOUS_MOVE = YES;
				CLANG_WARN_UNGUARDED_AVAILABILITY = YES_AGGRESSIVE;
				CLANG_WARN_UNREACHABLE_CODE = YES;
				CLANG_WARN__DUPLICATE_METHOD_MATCH = YES;
				COPY_PHASE_STRIP = NO;
				DEBUG_INFORMATION_FORMAT = "dwarf-with-dsym";
				ENABLE_NS_ASSERTIONS = NO;
				ENABLE_STRICT_OBJC_MSGSEND = YES;
				GCC_C_LANGUAGE_STANDARD = gnu11;
				GCC_NO_COMMON_BLOCKS = YES;
				GCC_WARN_64_TO_32_BIT_CONVERSION = YES;
				GCC_WARN_ABOUT_RETURN_TYPE = YES_ERROR;
				GCC_WARN_UNDECLARED_SELECTOR = YES;
				GCC_WARN_UNINITIALIZED_AUTOS = YES_AGGRESSIVE;
				GCC_WARN_UNUSED_FUNCTION = YES;
				GCC_WARN_UNUSED_VARIABLE = YES;
				IPHONEOS_DEPLOYMENT_TARGET = 14.5;
				MTL_ENABLE_DEBUG_INFO = NO;
				MTL_FAST_MATH = YES;
				SDKROOT = iphoneos;
				SWIFT_COMPILATION_MODE = wholemodule;
				SWIFT_OPTIMIZATION_LEVEL = "-O";
				VALIDATE_PRODUCT = YES;
			};
			name = Release;
		};
		76F5AB2826CA2245001B8B89 /* Debug */ = {
			isa = XCBuildConfiguration;
			baseConfigurationReference = 4E471B217947CF0F7CF94590 /* Pods-FractalInventory.debug.xcconfig */;
			buildSettings = {
				ASSETCATALOG_COMPILER_APPICON_NAME = AppIcon;
				ASSETCATALOG_COMPILER_GLOBAL_ACCENT_COLOR_NAME = AccentColor;
				CODE_SIGN_STYLE = Automatic;
				DEVELOPMENT_ASSET_PATHS = "\"FractalInventory/Preview Content\"";
				DEVELOPMENT_TEAM = 6SJ9C8L83A;
				ENABLE_PREVIEWS = YES;
				FRAMEWORK_SEARCH_PATHS = (
					"$(inherited)",
					"$(PROJECT_DIR)",
				);
				INFOPLIST_FILE = FractalInventory/Info.plist;
				IPHONEOS_DEPLOYMENT_TARGET = 14.0;
				LD_RUNPATH_SEARCH_PATHS = (
					"$(inherited)",
					"@executable_path/Frameworks",
				);
				PRODUCT_BUNDLE_IDENTIFIER = com.moobile.FractalInventory;
				PRODUCT_NAME = "$(TARGET_NAME)";
				SWIFT_OBJC_BRIDGING_HEADER = "FractalInventory/Hardware/CSL/Bridge/FractalInventory-Bridging-Header.h";
				SWIFT_VERSION = 5.0;
				TARGETED_DEVICE_FAMILY = "1,2";
			};
			name = Debug;
		};
		76F5AB2926CA2245001B8B89 /* Release */ = {
			isa = XCBuildConfiguration;
			baseConfigurationReference = 6A581ACFB2E21DBDE129DD82 /* Pods-FractalInventory.release.xcconfig */;
			buildSettings = {
				ASSETCATALOG_COMPILER_APPICON_NAME = AppIcon;
				ASSETCATALOG_COMPILER_GLOBAL_ACCENT_COLOR_NAME = AccentColor;
				CODE_SIGN_STYLE = Automatic;
				DEVELOPMENT_ASSET_PATHS = "\"FractalInventory/Preview Content\"";
				DEVELOPMENT_TEAM = 9JH5UXS3ZM;
				ENABLE_PREVIEWS = YES;
				FRAMEWORK_SEARCH_PATHS = (
					"$(inherited)",
					"$(PROJECT_DIR)",
				);
				INFOPLIST_FILE = FractalInventory/Info.plist;
				IPHONEOS_DEPLOYMENT_TARGET = 14.0;
				LD_RUNPATH_SEARCH_PATHS = (
					"$(inherited)",
					"@executable_path/Frameworks",
				);
				PRODUCT_BUNDLE_IDENTIFIER = com.moobile.FractalInventory;
				PRODUCT_NAME = "$(TARGET_NAME)";
				SWIFT_OBJC_BRIDGING_HEADER = "FractalInventory/Hardware/CSL/Bridge/FractalInventory-Bridging-Header.h";
				SWIFT_VERSION = 5.0;
				TARGETED_DEVICE_FAMILY = "1,2";
			};
			name = Release;
		};
/* End XCBuildConfiguration section */

/* Begin XCConfigurationList section */
		76F5AB1326CA2242001B8B89 /* Build configuration list for PBXProject "FractalInventory" */ = {
			isa = XCConfigurationList;
			buildConfigurations = (
				76F5AB2526CA2245001B8B89 /* Debug */,
				76F5AB2626CA2245001B8B89 /* Release */,
			);
			defaultConfigurationIsVisible = 0;
			defaultConfigurationName = Release;
		};
		76F5AB2726CA2245001B8B89 /* Build configuration list for PBXNativeTarget "FractalInventory" */ = {
			isa = XCConfigurationList;
			buildConfigurations = (
				76F5AB2826CA2245001B8B89 /* Debug */,
				76F5AB2926CA2245001B8B89 /* Release */,
			);
			defaultConfigurationIsVisible = 0;
			defaultConfigurationName = Release;
		};
/* End XCConfigurationList section */

/* Begin XCVersionGroup section */
		36188C1D27FE5722008EC7CD /* Inventory.xcdatamodeld */ = {
			isa = XCVersionGroup;
			children = (
				36188C1E27FE5722008EC7CD /* Inventory.xcdatamodel */,
			);
			currentVersion = 36188C1E27FE5722008EC7CD /* Inventory.xcdatamodel */;
			path = Inventory.xcdatamodeld;
			sourceTree = "<group>";
			versionGroupType = wrapper.xcdatamodel;
		};
/* End XCVersionGroup section */
	};
	rootObject = 76F5AB1026CA2242001B8B89 /* Project object */;
}
